// !$*UTF8*$!
{
	archiveVersion = 1;
	classes = {
	};
	objectVersion = 48;
	objects = {

/* Begin PBXBuildFile section */
		10CF395B248419F45FD84DCF /* libPods-ViroExample_no_use_frameworks.a in Frameworks */ = {isa = PBXBuildFile; fileRef = 766F9F120676EE2ACDCD4956 /* libPods-ViroExample_no_use_frameworks.a */; };
		131FF75A20B8977F00A9B39D /* libViroReact_release_tests.a in Frameworks */ = {isa = PBXBuildFile; fileRef = 13424D6320B4269F00C690CC /* libViroReact_release_tests.a */; };
		1331B77D20C9A97300D1C5F5 /* AppDelegate.m in Sources */ = {isa = PBXBuildFile; fileRef = 8BE0D41C1DF9DCFE0032AB99 /* AppDelegate.m */; };
		1331B77E20C9A97300D1C5F5 /* main.m in Sources */ = {isa = PBXBuildFile; fileRef = 8BE0D4191DF9DCFE0032AB99 /* main.m */; };
		1331B78020C9A97300D1C5F5 /* libReact.a in Frameworks */ = {isa = PBXBuildFile; fileRef = 8BDD9D8D1E09EBFF00A42870 /* libReact.a */; };
		1331B78220C9A97300D1C5F5 /* libRCTImage.a in Frameworks */ = {isa = PBXBuildFile; fileRef = 8BDB54AE1DFFEE7300179AEF /* libRCTImage.a */; };
		1331B78320C9A97300D1C5F5 /* libRCTNetwork.a in Frameworks */ = {isa = PBXBuildFile; fileRef = 8BDB54B01DFFEE7E00179AEF /* libRCTNetwork.a */; };
		1331B78420C9A97300D1C5F5 /* libRCTText.a in Frameworks */ = {isa = PBXBuildFile; fileRef = 8BDB54B21DFFEE8900179AEF /* libRCTText.a */; };
		1331B78520C9A97300D1C5F5 /* libRCTActionSheet.a in Frameworks */ = {isa = PBXBuildFile; fileRef = 8BDB54B41DFFEE8F00179AEF /* libRCTActionSheet.a */; };
		1331B78620C9A97300D1C5F5 /* libRCTWebSocket.a in Frameworks */ = {isa = PBXBuildFile; fileRef = 8BDB54B61DFFEE9600179AEF /* libRCTWebSocket.a */; };
		1331B78920C9A97300D1C5F5 /* Assets.xcassets in Resources */ = {isa = PBXBuildFile; fileRef = 8BE0D4241DF9DCFE0032AB99 /* Assets.xcassets */; };
		1331B78A20C9A97300D1C5F5 /* LaunchScreen.storyboard in Resources */ = {isa = PBXBuildFile; fileRef = 8BE0D4261DF9DCFE0032AB99 /* LaunchScreen.storyboard */; };
		13424C7120B424DD00C690CC /* libViroReact.a in Frameworks */ = {isa = PBXBuildFile; fileRef = 8BDD9D9D1E09F38900A42870 /* libViroReact.a */; };
		13424D4920B4269E00C690CC /* AppDelegate.m in Sources */ = {isa = PBXBuildFile; fileRef = 8BE0D41C1DF9DCFE0032AB99 /* AppDelegate.m */; };
		13424D4A20B4269E00C690CC /* main.m in Sources */ = {isa = PBXBuildFile; fileRef = 8BE0D4191DF9DCFE0032AB99 /* main.m */; };
		13424D4C20B4269E00C690CC /* libReact.a in Frameworks */ = {isa = PBXBuildFile; fileRef = 8BDD9D8D1E09EBFF00A42870 /* libReact.a */; };
		13424D4E20B4269E00C690CC /* libRCTImage.a in Frameworks */ = {isa = PBXBuildFile; fileRef = 8BDB54AE1DFFEE7300179AEF /* libRCTImage.a */; };
		13424D4F20B4269E00C690CC /* libRCTNetwork.a in Frameworks */ = {isa = PBXBuildFile; fileRef = 8BDB54B01DFFEE7E00179AEF /* libRCTNetwork.a */; };
		13424D5020B4269E00C690CC /* libRCTText.a in Frameworks */ = {isa = PBXBuildFile; fileRef = 8BDB54B21DFFEE8900179AEF /* libRCTText.a */; };
		13424D5120B4269E00C690CC /* libRCTActionSheet.a in Frameworks */ = {isa = PBXBuildFile; fileRef = 8BDB54B41DFFEE8F00179AEF /* libRCTActionSheet.a */; };
		13424D5220B4269E00C690CC /* libRCTWebSocket.a in Frameworks */ = {isa = PBXBuildFile; fileRef = 8BDB54B61DFFEE9600179AEF /* libRCTWebSocket.a */; };
		13424D5520B4269E00C690CC /* Assets.xcassets in Resources */ = {isa = PBXBuildFile; fileRef = 8BE0D4241DF9DCFE0032AB99 /* Assets.xcassets */; };
		13424D5620B4269E00C690CC /* LaunchScreen.storyboard in Resources */ = {isa = PBXBuildFile; fileRef = 8BE0D4261DF9DCFE0032AB99 /* LaunchScreen.storyboard */; };
		136B0AEA20AA2FB800391021 /* libReact.a in Frameworks */ = {isa = PBXBuildFile; fileRef = 8BDD9D8D1E09EBFF00A42870 /* libReact.a */; };
		1385B2B520CA0A8200C3B6CE /* libViroReact_static_lib.a in Frameworks */ = {isa = PBXBuildFile; fileRef = 1385B2A120CA098C00C3B6CE /* libViroReact_static_lib.a */; };
		1385B2DA20CA38E500C3B6CE /* Pods_ViroExample.framework in Frameworks */ = {isa = PBXBuildFile; fileRef = 9963AEFBC35CAFD7D48A8D1B /* Pods_ViroExample.framework */; };
		8A1C312D211240B300F92429 /* libRNDeviceInfo.a in Frameworks */ = {isa = PBXBuildFile; fileRef = 8A1C31272112407500F92429 /* libRNDeviceInfo.a */; };
		8A1C312E211240BB00F92429 /* libRNDeviceInfo.a in Frameworks */ = {isa = PBXBuildFile; fileRef = 8A1C31272112407500F92429 /* libRNDeviceInfo.a */; };
		8A1C312F211240C300F92429 /* libRNDeviceInfo.a in Frameworks */ = {isa = PBXBuildFile; fileRef = 8A1C31272112407500F92429 /* libRNDeviceInfo.a */; };
		8AEBBF9B22F105DA00B01E7B /* libRCTAnimation.a in Frameworks */ = {isa = PBXBuildFile; fileRef = 8AEBBF7822F104AB00B01E7B /* libRCTAnimation.a */; };
		8B3C3ADF1F3CDEAB001C03C9 /* Assets.xcassets in Resources */ = {isa = PBXBuildFile; fileRef = 8BE0D4241DF9DCFE0032AB99 /* Assets.xcassets */; };
		8BDB54AF1DFFEE7300179AEF /* libRCTImage.a in Frameworks */ = {isa = PBXBuildFile; fileRef = 8BDB54AE1DFFEE7300179AEF /* libRCTImage.a */; };
		8BDB54B11DFFEE7E00179AEF /* libRCTNetwork.a in Frameworks */ = {isa = PBXBuildFile; fileRef = 8BDB54B01DFFEE7E00179AEF /* libRCTNetwork.a */; };
		8BDB54B31DFFEE8900179AEF /* libRCTText.a in Frameworks */ = {isa = PBXBuildFile; fileRef = 8BDB54B21DFFEE8900179AEF /* libRCTText.a */; };
		8BDB54B51DFFEE8F00179AEF /* libRCTActionSheet.a in Frameworks */ = {isa = PBXBuildFile; fileRef = 8BDB54B41DFFEE8F00179AEF /* libRCTActionSheet.a */; };
		8BDB54B71DFFEE9600179AEF /* libRCTWebSocket.a in Frameworks */ = {isa = PBXBuildFile; fileRef = 8BDB54B61DFFEE9600179AEF /* libRCTWebSocket.a */; };
		8BE0D41A1DF9DCFE0032AB99 /* main.m in Sources */ = {isa = PBXBuildFile; fileRef = 8BE0D4191DF9DCFE0032AB99 /* main.m */; };
		8BE0D41D1DF9DCFE0032AB99 /* AppDelegate.m in Sources */ = {isa = PBXBuildFile; fileRef = 8BE0D41C1DF9DCFE0032AB99 /* AppDelegate.m */; };
		8BE0D4281DF9DCFE0032AB99 /* LaunchScreen.storyboard in Resources */ = {isa = PBXBuildFile; fileRef = 8BE0D4261DF9DCFE0032AB99 /* LaunchScreen.storyboard */; };
		8BE0D4331DF9DCFE0032AB99 /* ViroExampleTests.m in Sources */ = {isa = PBXBuildFile; fileRef = 8BE0D4321DF9DCFE0032AB99 /* ViroExampleTests.m */; };
		8BE0D43E1DF9DCFE0032AB99 /* ViroExampleUITests.m in Sources */ = {isa = PBXBuildFile; fileRef = 8BE0D43D1DF9DCFE0032AB99 /* ViroExampleUITests.m */; };
		A5ACE2CA225BEC7200F2AECB /* JavaScriptCore.framework in Frameworks */ = {isa = PBXBuildFile; fileRef = A5ACE2A1225BEC7200F2AECB /* JavaScriptCore.framework */; };
		C221303D026AB3FADD8D7D4F /* Pods_ViroExample_archive.framework in Frameworks */ = {isa = PBXBuildFile; fileRef = C445C0CE086C1E4ADC10B629 /* Pods_ViroExample_archive.framework */; };
		E41723199722E35C70E906D9 /* Pods_ViroExample.framework in Frameworks */ = {isa = PBXBuildFile; fileRef = A6DE3F7920B5E93B00B25FA3 /* Pods_ViroExample.framework */; };
/* End PBXBuildFile section */

/* Begin PBXContainerItemProxy section */
		13424D6220B4269F00C690CC /* PBXContainerItemProxy */ = {
			isa = PBXContainerItemProxy;
			containerPortal = 8BDD9D981E09F38900A42870 /* ViroReact.xcodeproj */;
			proxyType = 2;
			remoteGlobalIDString = 13424D4520B425AC00C690CC;
			remoteInfo = ViroReact_release_tests;
		};
		1358E52120A951DC00940D57 /* PBXContainerItemProxy */ = {
			isa = PBXContainerItemProxy;
			containerPortal = 8BDD9D871E09EBFF00A42870 /* React.xcodeproj */;
			proxyType = 2;
			remoteGlobalIDString = EBF21BDC1FC498900052F4D5;
			remoteInfo = jsinspector;
		};
		1358E52320A951DC00940D57 /* PBXContainerItemProxy */ = {
			isa = PBXContainerItemProxy;
			containerPortal = 8BDD9D871E09EBFF00A42870 /* React.xcodeproj */;
			proxyType = 2;
			remoteGlobalIDString = EBF21BFA1FC4989A0052F4D5;
			remoteInfo = "jsinspector-tvOS";
		};
		1385B2A020CA098C00C3B6CE /* PBXContainerItemProxy */ = {
			isa = PBXContainerItemProxy;
			containerPortal = 8BDD9D981E09F38900A42870 /* ViroReact.xcodeproj */;
			proxyType = 2;
			remoteGlobalIDString = 1385B29C20CA091C00C3B6CE;
			remoteInfo = ViroReact_static_lib;
		};
		8A1C31262112407500F92429 /* PBXContainerItemProxy */ = {
			isa = PBXContainerItemProxy;
			containerPortal = 8A1C31062112407400F92429 /* RNDeviceInfo.xcodeproj */;
			proxyType = 2;
			remoteGlobalIDString = DA5891D81BA9A9FC002B4DB2;
			remoteInfo = RNDeviceInfo;
		};
		8A1C31282112407500F92429 /* PBXContainerItemProxy */ = {
			isa = PBXContainerItemProxy;
			containerPortal = 8A1C31062112407400F92429 /* RNDeviceInfo.xcodeproj */;
			proxyType = 2;
			remoteGlobalIDString = E72EC1401F7ABB5A0001BC90;
			remoteInfo = "RNDeviceInfo-tvOS";
		};
		8ABC82CC1F54F7CC00217AB8 /* PBXContainerItemProxy */ = {
			isa = PBXContainerItemProxy;
			containerPortal = 8BDD9D871E09EBFF00A42870 /* React.xcodeproj */;
			proxyType = 2;
			remoteGlobalIDString = 139D7ECE1E25DB7D00323FB7;
			remoteInfo = "third-party";
		};
		8ABC82CE1F54F7CC00217AB8 /* PBXContainerItemProxy */ = {
			isa = PBXContainerItemProxy;
			containerPortal = 8BDD9D871E09EBFF00A42870 /* React.xcodeproj */;
			proxyType = 2;
			remoteGlobalIDString = 3D383D3C1EBD27B6005632C8;
			remoteInfo = "third-party-tvOS";
		};
		8ABC82D01F54F7CC00217AB8 /* PBXContainerItemProxy */ = {
			isa = PBXContainerItemProxy;
			containerPortal = 8BDD9D871E09EBFF00A42870 /* React.xcodeproj */;
			proxyType = 2;
			remoteGlobalIDString = 139D7E881E25C6D100323FB7;
			remoteInfo = "double-conversion";
		};
		8ABC82D21F54F7CC00217AB8 /* PBXContainerItemProxy */ = {
			isa = PBXContainerItemProxy;
			containerPortal = 8BDD9D871E09EBFF00A42870 /* React.xcodeproj */;
			proxyType = 2;
			remoteGlobalIDString = 3D383D621EBD27B9005632C8;
			remoteInfo = "double-conversion-tvOS";
		};
		8AEBBF7722F104AB00B01E7B /* PBXContainerItemProxy */ = {
			isa = PBXContainerItemProxy;
			containerPortal = 8AEBBF7122F104AB00B01E7B /* RCTAnimation.xcodeproj */;
			proxyType = 2;
			remoteGlobalIDString = 134814201AA4EA6300B7C361;
			remoteInfo = RCTAnimation;
		};
		8AEBBF7922F104AB00B01E7B /* PBXContainerItemProxy */ = {
			isa = PBXContainerItemProxy;
			containerPortal = 8AEBBF7122F104AB00B01E7B /* RCTAnimation.xcodeproj */;
			proxyType = 2;
			remoteGlobalIDString = 2D2A28201D9B03D100D4039D;
			remoteInfo = "RCTAnimation-tvOS";
		};
		8AF0E0101FA3C1460083CBAE /* PBXContainerItemProxy */ = {
			isa = PBXContainerItemProxy;
			containerPortal = 8BDD9D7E1E09EBB600A42870 /* RCTWebSocket.xcodeproj */;
			proxyType = 2;
			remoteGlobalIDString = 3DBE0D001F3B181A0099AA32;
			remoteInfo = fishhook;
		};
		8AF0E0121FA3C1460083CBAE /* PBXContainerItemProxy */ = {
			isa = PBXContainerItemProxy;
			containerPortal = 8BDD9D7E1E09EBB600A42870 /* RCTWebSocket.xcodeproj */;
			proxyType = 2;
			remoteGlobalIDString = 3DBE0D0D1F3B181C0099AA32;
			remoteInfo = "fishhook-tvOS";
		};
		8BDD9D671E09EB6900A42870 /* PBXContainerItemProxy */ = {
			isa = PBXContainerItemProxy;
			containerPortal = 8BDD9D621E09EB6900A42870 /* RCTImage.xcodeproj */;
			proxyType = 2;
			remoteGlobalIDString = 58B5115D1A9E6B3D00147676;
			remoteInfo = RCTImage;
		};
		8BDD9D691E09EB6900A42870 /* PBXContainerItemProxy */ = {
			isa = PBXContainerItemProxy;
			containerPortal = 8BDD9D621E09EB6900A42870 /* RCTImage.xcodeproj */;
			proxyType = 2;
			remoteGlobalIDString = 2D2A283A1D9B042B00D4039D;
			remoteInfo = "RCTImage-tvOS";
		};
		8BDD9D711E09EB8800A42870 /* PBXContainerItemProxy */ = {
			isa = PBXContainerItemProxy;
			containerPortal = 8BDD9D6C1E09EB8800A42870 /* RCTNetwork.xcodeproj */;
			proxyType = 2;
			remoteGlobalIDString = 58B511DB1A9E6C8500147676;
			remoteInfo = RCTNetwork;
		};
		8BDD9D731E09EB8800A42870 /* PBXContainerItemProxy */ = {
			isa = PBXContainerItemProxy;
			containerPortal = 8BDD9D6C1E09EB8800A42870 /* RCTNetwork.xcodeproj */;
			proxyType = 2;
			remoteGlobalIDString = 2D2A28541D9B044C00D4039D;
			remoteInfo = "RCTNetwork-tvOS";
		};
		8BDD9D7A1E09EBA400A42870 /* PBXContainerItemProxy */ = {
			isa = PBXContainerItemProxy;
			containerPortal = 8BDD9D751E09EBA300A42870 /* RCTText.xcodeproj */;
			proxyType = 2;
			remoteGlobalIDString = 58B5119B1A9E6C1200147676;
			remoteInfo = RCTText;
		};
		8BDD9D7C1E09EBA400A42870 /* PBXContainerItemProxy */ = {
			isa = PBXContainerItemProxy;
			containerPortal = 8BDD9D751E09EBA300A42870 /* RCTText.xcodeproj */;
			proxyType = 2;
			remoteGlobalIDString = 2D2A287B1D9B048500D4039D;
			remoteInfo = "RCTText-tvOS";
		};
		8BDD9D831E09EBB600A42870 /* PBXContainerItemProxy */ = {
			isa = PBXContainerItemProxy;
			containerPortal = 8BDD9D7E1E09EBB600A42870 /* RCTWebSocket.xcodeproj */;
			proxyType = 2;
			remoteGlobalIDString = 3C86DF461ADF2C930047B81A;
			remoteInfo = RCTWebSocket;
		};
		8BDD9D851E09EBB600A42870 /* PBXContainerItemProxy */ = {
			isa = PBXContainerItemProxy;
			containerPortal = 8BDD9D7E1E09EBB600A42870 /* RCTWebSocket.xcodeproj */;
			proxyType = 2;
			remoteGlobalIDString = 2D2A28881D9B049200D4039D;
			remoteInfo = "RCTWebSocket-tvOS";
		};
		8BDD9D8C1E09EBFF00A42870 /* PBXContainerItemProxy */ = {
			isa = PBXContainerItemProxy;
			containerPortal = 8BDD9D871E09EBFF00A42870 /* React.xcodeproj */;
			proxyType = 2;
			remoteGlobalIDString = 83CBBA2E1A601D0E00E9B192;
			remoteInfo = React;
		};
		8BDD9D8E1E09EBFF00A42870 /* PBXContainerItemProxy */ = {
			isa = PBXContainerItemProxy;
			containerPortal = 8BDD9D871E09EBFF00A42870 /* React.xcodeproj */;
			proxyType = 2;
			remoteGlobalIDString = 2D2A28131D9B038B00D4039D;
			remoteInfo = "React-tvOS";
		};
		8BDD9D941E09EC3E00A42870 /* PBXContainerItemProxy */ = {
			isa = PBXContainerItemProxy;
			containerPortal = 8BDD9D901E09EC3E00A42870 /* RCTActionSheet.xcodeproj */;
			proxyType = 2;
			remoteGlobalIDString = 134814201AA4EA6300B7C361;
			remoteInfo = RCTActionSheet;
		};
		8BDD9D9C1E09F38900A42870 /* PBXContainerItemProxy */ = {
			isa = PBXContainerItemProxy;
			containerPortal = 8BDD9D981E09F38900A42870 /* ViroReact.xcodeproj */;
			proxyType = 2;
			remoteGlobalIDString = 8BE0D4541DFA0D050032AB99;
			remoteInfo = ViroReact;
		};
		8BDDA0EB1E57F28B00A42870 /* PBXContainerItemProxy */ = {
			isa = PBXContainerItemProxy;
			containerPortal = 8BDD9D871E09EBFF00A42870 /* React.xcodeproj */;
			proxyType = 2;
			remoteGlobalIDString = 3D3C059A1DE3340900C268FA;
			remoteInfo = yoga;
		};
		8BDDA0ED1E57F28B00A42870 /* PBXContainerItemProxy */ = {
			isa = PBXContainerItemProxy;
			containerPortal = 8BDD9D871E09EBFF00A42870 /* React.xcodeproj */;
			proxyType = 2;
			remoteGlobalIDString = 3D3C06751DE3340C00C268FA;
			remoteInfo = "yoga-tvOS";
		};
		8BDDA0EF1E57F28B00A42870 /* PBXContainerItemProxy */ = {
			isa = PBXContainerItemProxy;
			containerPortal = 8BDD9D871E09EBFF00A42870 /* React.xcodeproj */;
			proxyType = 2;
			remoteGlobalIDString = 3D3CD9251DE5FBEC00167DC4;
			remoteInfo = cxxreact;
		};
		8BDDA0F11E57F28B00A42870 /* PBXContainerItemProxy */ = {
			isa = PBXContainerItemProxy;
			containerPortal = 8BDD9D871E09EBFF00A42870 /* React.xcodeproj */;
			proxyType = 2;
			remoteGlobalIDString = 3D3CD9321DE5FBEE00167DC4;
			remoteInfo = "cxxreact-tvOS";
		};
		8BE0D42F1DF9DCFE0032AB99 /* PBXContainerItemProxy */ = {
			isa = PBXContainerItemProxy;
			containerPortal = 8BE0D40D1DF9DCFE0032AB99 /* Project object */;
			proxyType = 1;
			remoteGlobalIDString = 8BE0D4141DF9DCFE0032AB99;
			remoteInfo = ViroExample;
		};
		8BE0D43A1DF9DCFE0032AB99 /* PBXContainerItemProxy */ = {
			isa = PBXContainerItemProxy;
			containerPortal = 8BE0D40D1DF9DCFE0032AB99 /* Project object */;
			proxyType = 1;
			remoteGlobalIDString = 8BE0D4141DF9DCFE0032AB99;
			remoteInfo = ViroExample;
		};
		A5ACE2BD225BEC7200F2AECB /* PBXContainerItemProxy */ = {
			isa = PBXContainerItemProxy;
			containerPortal = 8BDD9D871E09EBFF00A42870 /* React.xcodeproj */;
			proxyType = 2;
			remoteGlobalIDString = EDEBC6D6214B3E7000DD5AC8;
			remoteInfo = jsi;
		};
		A5ACE2BF225BEC7200F2AECB /* PBXContainerItemProxy */ = {
			isa = PBXContainerItemProxy;
			containerPortal = 8BDD9D871E09EBFF00A42870 /* React.xcodeproj */;
			proxyType = 2;
			remoteGlobalIDString = EDEBC73B214B45A300DD5AC8;
			remoteInfo = jsiexecutor;
		};
		A5ACE2C1225BEC7200F2AECB /* PBXContainerItemProxy */ = {
			isa = PBXContainerItemProxy;
			containerPortal = 8BDD9D871E09EBFF00A42870 /* React.xcodeproj */;
			proxyType = 2;
			remoteGlobalIDString = ED296FB6214C9A0900B7C4FE;
			remoteInfo = "jsi-tvOS";
		};
		A5ACE2C3225BEC7200F2AECB /* PBXContainerItemProxy */ = {
			isa = PBXContainerItemProxy;
			containerPortal = 8BDD9D871E09EBFF00A42870 /* React.xcodeproj */;
			proxyType = 2;
			remoteGlobalIDString = ED296FEE214C9CF800B7C4FE;
			remoteInfo = "jsiexecutor-tvOS";
		};
/* End PBXContainerItemProxy section */

/* Begin PBXCopyFilesBuildPhase section */
		1331B78B20C9A97300D1C5F5 /* Embed Frameworks */ = {
			isa = PBXCopyFilesBuildPhase;
			buildActionMask = 2147483647;
			dstPath = "";
			dstSubfolderSpec = 10;
			files = (
			);
			name = "Embed Frameworks";
			runOnlyForDeploymentPostprocessing = 0;
		};
		13424D5720B4269E00C690CC /* Embed Frameworks */ = {
			isa = PBXCopyFilesBuildPhase;
			buildActionMask = 2147483647;
			dstPath = "";
			dstSubfolderSpec = 10;
			files = (
			);
			name = "Embed Frameworks";
			runOnlyForDeploymentPostprocessing = 0;
		};
		8BE0D52C1DFA44EB0032AB99 /* Embed Frameworks */ = {
			isa = PBXCopyFilesBuildPhase;
			buildActionMask = 2147483647;
			dstPath = "";
			dstSubfolderSpec = 10;
			files = (
			);
			name = "Embed Frameworks";
			runOnlyForDeploymentPostprocessing = 0;
		};
/* End PBXCopyFilesBuildPhase section */

/* Begin PBXFileReference section */
		1331B79420C9A97300D1C5F5 /* ViroExample_no_use_frameworks.app */ = {isa = PBXFileReference; explicitFileType = wrapper.application; includeInIndex = 0; path = ViroExample_no_use_frameworks.app; sourceTree = BUILT_PRODUCTS_DIR; };
		13424D6020B4269E00C690CC /* ViroExample_archive.app */ = {isa = PBXFileReference; explicitFileType = wrapper.application; includeInIndex = 0; path = ViroExample_archive.app; sourceTree = BUILT_PRODUCTS_DIR; };
		1385B1AB20CA08FA00C3B6CE /* ViroKit_static_lib.framework */ = {isa = PBXFileReference; lastKnownFileType = wrapper.framework; name = ViroKit_static_lib.framework; path = ../../../ios/dist/ViroRenderer/static_lib/ViroKit_static_lib.framework; sourceTree = "<group>"; };
		46E1A4922C7A9F316A846B33 /* Pods-ViroExample_no_use_frameworks.debug.xcconfig */ = {isa = PBXFileReference; includeInIndex = 1; lastKnownFileType = text.xcconfig; name = "Pods-ViroExample_no_use_frameworks.debug.xcconfig"; path = "Pods/Target Support Files/Pods-ViroExample_no_use_frameworks/Pods-ViroExample_no_use_frameworks.debug.xcconfig"; sourceTree = "<group>"; };
		766F9F120676EE2ACDCD4956 /* libPods-ViroExample_no_use_frameworks.a */ = {isa = PBXFileReference; explicitFileType = archive.ar; includeInIndex = 0; path = "libPods-ViroExample_no_use_frameworks.a"; sourceTree = BUILT_PRODUCTS_DIR; };
		777E6F62127F6D7E64915E0D /* Pods-ViroExample_archive.release.xcconfig */ = {isa = PBXFileReference; includeInIndex = 1; lastKnownFileType = text.xcconfig; name = "Pods-ViroExample_archive.release.xcconfig"; path = "Pods/Target Support Files/Pods-ViroExample_archive/Pods-ViroExample_archive.release.xcconfig"; sourceTree = "<group>"; };
		8A1C31062112407400F92429 /* RNDeviceInfo.xcodeproj */ = {isa = PBXFileReference; lastKnownFileType = "wrapper.pb-project"; name = RNDeviceInfo.xcodeproj; path = "../../node_modules/react-native-device-info/ios/RNDeviceInfo.xcodeproj"; sourceTree = "<group>"; };
		8A2161D220365D5200D60008 /* ViroKit.framework */ = {isa = PBXFileReference; lastKnownFileType = wrapper.framework; name = ViroKit.framework; path = ../../../ios/dist/ViroRenderer/ViroKit.framework; sourceTree = "<group>"; };
		8AEBBF7122F104AB00B01E7B /* RCTAnimation.xcodeproj */ = {isa = PBXFileReference; lastKnownFileType = "wrapper.pb-project"; name = RCTAnimation.xcodeproj; path = "../../node_modules/react-native/Libraries/NativeAnimation/RCTAnimation.xcodeproj"; sourceTree = "<group>"; };
		8BDB54AE1DFFEE7300179AEF /* libRCTImage.a */ = {isa = PBXFileReference; lastKnownFileType = archive.ar; name = libRCTImage.a; path = "../../node_modules/react-native/Libraries/Image/build/Debug-iphoneos/libRCTImage.a"; sourceTree = "<group>"; };
		8BDB54B01DFFEE7E00179AEF /* libRCTNetwork.a */ = {isa = PBXFileReference; lastKnownFileType = archive.ar; name = libRCTNetwork.a; path = "../../node_modules/react-native/Libraries/Network/build/Debug-iphoneos/libRCTNetwork.a"; sourceTree = "<group>"; };
		8BDB54B21DFFEE8900179AEF /* libRCTText.a */ = {isa = PBXFileReference; lastKnownFileType = archive.ar; name = libRCTText.a; path = "../../node_modules/react-native/Libraries/Text/build/Debug-iphoneos/libRCTText.a"; sourceTree = "<group>"; };
		8BDB54B41DFFEE8F00179AEF /* libRCTActionSheet.a */ = {isa = PBXFileReference; lastKnownFileType = archive.ar; name = libRCTActionSheet.a; path = "../../node_modules/react-native/Libraries/ActionSheetIOS/build/Debug-iphoneos/libRCTActionSheet.a"; sourceTree = "<group>"; };
		8BDB54B61DFFEE9600179AEF /* libRCTWebSocket.a */ = {isa = PBXFileReference; lastKnownFileType = archive.ar; name = libRCTWebSocket.a; path = "../../node_modules/react-native/Libraries/WebSocket/build/Debug-iphoneos/libRCTWebSocket.a"; sourceTree = "<group>"; };
		8BDD9D621E09EB6900A42870 /* RCTImage.xcodeproj */ = {isa = PBXFileReference; lastKnownFileType = "wrapper.pb-project"; name = RCTImage.xcodeproj; path = "../../node_modules/react-native/Libraries/Image/RCTImage.xcodeproj"; sourceTree = "<group>"; };
		8BDD9D6C1E09EB8800A42870 /* RCTNetwork.xcodeproj */ = {isa = PBXFileReference; lastKnownFileType = "wrapper.pb-project"; name = RCTNetwork.xcodeproj; path = "../../node_modules/react-native/Libraries/Network/RCTNetwork.xcodeproj"; sourceTree = "<group>"; };
		8BDD9D751E09EBA300A42870 /* RCTText.xcodeproj */ = {isa = PBXFileReference; lastKnownFileType = "wrapper.pb-project"; name = RCTText.xcodeproj; path = "../../node_modules/react-native/Libraries/Text/RCTText.xcodeproj"; sourceTree = "<group>"; };
		8BDD9D7E1E09EBB600A42870 /* RCTWebSocket.xcodeproj */ = {isa = PBXFileReference; lastKnownFileType = "wrapper.pb-project"; name = RCTWebSocket.xcodeproj; path = "../../node_modules/react-native/Libraries/WebSocket/RCTWebSocket.xcodeproj"; sourceTree = "<group>"; };
		8BDD9D871E09EBFF00A42870 /* React.xcodeproj */ = {isa = PBXFileReference; lastKnownFileType = "wrapper.pb-project"; name = React.xcodeproj; path = "../../node_modules/react-native/React/React.xcodeproj"; sourceTree = "<group>"; };
		8BDD9D901E09EC3E00A42870 /* RCTActionSheet.xcodeproj */ = {isa = PBXFileReference; lastKnownFileType = "wrapper.pb-project"; name = RCTActionSheet.xcodeproj; path = "../../node_modules/react-native/Libraries/ActionSheetIOS/RCTActionSheet.xcodeproj"; sourceTree = "<group>"; };
		8BDD9D981E09F38900A42870 /* ViroReact.xcodeproj */ = {isa = PBXFileReference; lastKnownFileType = "wrapper.pb-project"; name = ViroReact.xcodeproj; path = ../../../ios/ViroReact.xcodeproj; sourceTree = "<group>"; };
		8BE0D4151DF9DCFE0032AB99 /* ViroExample.app */ = {isa = PBXFileReference; explicitFileType = wrapper.application; includeInIndex = 0; path = ViroExample.app; sourceTree = BUILT_PRODUCTS_DIR; };
		8BE0D4191DF9DCFE0032AB99 /* main.m */ = {isa = PBXFileReference; lastKnownFileType = sourcecode.c.objc; path = main.m; sourceTree = "<group>"; };
		8BE0D41B1DF9DCFE0032AB99 /* AppDelegate.h */ = {isa = PBXFileReference; lastKnownFileType = sourcecode.c.h; path = AppDelegate.h; sourceTree = "<group>"; };
		8BE0D41C1DF9DCFE0032AB99 /* AppDelegate.m */ = {isa = PBXFileReference; lastKnownFileType = sourcecode.c.objc; path = AppDelegate.m; sourceTree = "<group>"; };
		8BE0D4241DF9DCFE0032AB99 /* Assets.xcassets */ = {isa = PBXFileReference; lastKnownFileType = folder.assetcatalog; path = Assets.xcassets; sourceTree = "<group>"; };
		8BE0D4271DF9DCFE0032AB99 /* Base */ = {isa = PBXFileReference; lastKnownFileType = file.storyboard; name = Base; path = Base.lproj/LaunchScreen.storyboard; sourceTree = "<group>"; };
		8BE0D4291DF9DCFE0032AB99 /* Info.plist */ = {isa = PBXFileReference; lastKnownFileType = text.plist.xml; path = Info.plist; sourceTree = "<group>"; };
		8BE0D42E1DF9DCFE0032AB99 /* ViroExampleTests.xctest */ = {isa = PBXFileReference; explicitFileType = wrapper.cfbundle; includeInIndex = 0; path = ViroExampleTests.xctest; sourceTree = BUILT_PRODUCTS_DIR; };
		8BE0D4321DF9DCFE0032AB99 /* ViroExampleTests.m */ = {isa = PBXFileReference; lastKnownFileType = sourcecode.c.objc; path = ViroExampleTests.m; sourceTree = "<group>"; };
		8BE0D4341DF9DCFE0032AB99 /* Info.plist */ = {isa = PBXFileReference; lastKnownFileType = text.plist.xml; path = Info.plist; sourceTree = "<group>"; };
		8BE0D4391DF9DCFE0032AB99 /* ViroExampleUITests.xctest */ = {isa = PBXFileReference; explicitFileType = wrapper.cfbundle; includeInIndex = 0; path = ViroExampleUITests.xctest; sourceTree = BUILT_PRODUCTS_DIR; };
		8BE0D43D1DF9DCFE0032AB99 /* ViroExampleUITests.m */ = {isa = PBXFileReference; lastKnownFileType = sourcecode.c.objc; path = ViroExampleUITests.m; sourceTree = "<group>"; };
		8BE0D43F1DF9DCFE0032AB99 /* Info.plist */ = {isa = PBXFileReference; lastKnownFileType = text.plist.xml; path = Info.plist; sourceTree = "<group>"; };
		8BE0D4AF1DFA1EE70032AB99 /* libReact.a */ = {isa = PBXFileReference; lastKnownFileType = archive.ar; name = libReact.a; path = "../../node_modules/react-native/React/build/Debug-iphoneos/libReact.a"; sourceTree = "<group>"; };
		8BE0D4B01DFA1EE70032AB99 /* libViroReact.a */ = {isa = PBXFileReference; lastKnownFileType = archive.ar; name = libViroReact.a; path = "../../../ios/build/Debug-iphoneos/libViroReact.a"; sourceTree = "<group>"; };
		95BCD34C047577C6CABBCE9E /* Pods-ViroExample.release.xcconfig */ = {isa = PBXFileReference; includeInIndex = 1; lastKnownFileType = text.xcconfig; name = "Pods-ViroExample.release.xcconfig"; path = "Pods/Target Support Files/Pods-ViroExample/Pods-ViroExample.release.xcconfig"; sourceTree = "<group>"; };
		9963AEFBC35CAFD7D48A8D1B /* Pods_ViroExample.framework */ = {isa = PBXFileReference; explicitFileType = wrapper.framework; includeInIndex = 0; path = Pods_ViroExample.framework; sourceTree = BUILT_PRODUCTS_DIR; };
		A12B834E3829DDDD1F3E9121 /* Pods-ViroExample_no_use_frameworks.release.xcconfig */ = {isa = PBXFileReference; includeInIndex = 1; lastKnownFileType = text.xcconfig; name = "Pods-ViroExample_no_use_frameworks.release.xcconfig"; path = "Pods/Target Support Files/Pods-ViroExample_no_use_frameworks/Pods-ViroExample_no_use_frameworks.release.xcconfig"; sourceTree = "<group>"; };
		A5ACE2A1225BEC7200F2AECB /* JavaScriptCore.framework */ = {isa = PBXFileReference; lastKnownFileType = wrapper.framework; name = JavaScriptCore.framework; path = System/Library/Frameworks/JavaScriptCore.framework; sourceTree = SDKROOT; };
		A6DE3F7920B5E93B00B25FA3 /* Pods_ViroExample.framework */ = {isa = PBXFileReference; explicitFileType = wrapper.framework; path = Pods_ViroExample.framework; sourceTree = BUILT_PRODUCTS_DIR; };
		C445C0CE086C1E4ADC10B629 /* Pods_ViroExample_archive.framework */ = {isa = PBXFileReference; explicitFileType = wrapper.framework; includeInIndex = 0; path = Pods_ViroExample_archive.framework; sourceTree = BUILT_PRODUCTS_DIR; };
		C64966CDCFCB64FCDFE6B2CF /* Pods-ViroExample.debug.xcconfig */ = {isa = PBXFileReference; includeInIndex = 1; lastKnownFileType = text.xcconfig; name = "Pods-ViroExample.debug.xcconfig"; path = "Pods/Target Support Files/Pods-ViroExample/Pods-ViroExample.debug.xcconfig"; sourceTree = "<group>"; };
		CC87993EA4397CDC2842FBCC /* Pods-ViroExample_archive.debug.xcconfig */ = {isa = PBXFileReference; includeInIndex = 1; lastKnownFileType = text.xcconfig; name = "Pods-ViroExample_archive.debug.xcconfig"; path = "Pods/Target Support Files/Pods-ViroExample_archive/Pods-ViroExample_archive.debug.xcconfig"; sourceTree = "<group>"; };
/* End PBXFileReference section */

/* Begin PBXFrameworksBuildPhase section */
		1331B77F20C9A97300D1C5F5 /* Frameworks */ = {
			isa = PBXFrameworksBuildPhase;
			buildActionMask = 2147483647;
			files = (
				8A1C312D211240B300F92429 /* libRNDeviceInfo.a in Frameworks */,
				1385B2DA20CA38E500C3B6CE /* Pods_ViroExample.framework in Frameworks */,
				1331B78020C9A97300D1C5F5 /* libReact.a in Frameworks */,
				1385B2B520CA0A8200C3B6CE /* libViroReact_static_lib.a in Frameworks */,
				1331B78220C9A97300D1C5F5 /* libRCTImage.a in Frameworks */,
				1331B78320C9A97300D1C5F5 /* libRCTNetwork.a in Frameworks */,
				1331B78420C9A97300D1C5F5 /* libRCTText.a in Frameworks */,
				1331B78520C9A97300D1C5F5 /* libRCTActionSheet.a in Frameworks */,
				1331B78620C9A97300D1C5F5 /* libRCTWebSocket.a in Frameworks */,
				10CF395B248419F45FD84DCF /* libPods-ViroExample_no_use_frameworks.a in Frameworks */,
			);
			runOnlyForDeploymentPostprocessing = 0;
		};
		13424D4B20B4269E00C690CC /* Frameworks */ = {
			isa = PBXFrameworksBuildPhase;
			buildActionMask = 2147483647;
			files = (
				8A1C312E211240BB00F92429 /* libRNDeviceInfo.a in Frameworks */,
				13424D4C20B4269E00C690CC /* libReact.a in Frameworks */,
				131FF75A20B8977F00A9B39D /* libViroReact_release_tests.a in Frameworks */,
				13424D4E20B4269E00C690CC /* libRCTImage.a in Frameworks */,
				13424D4F20B4269E00C690CC /* libRCTNetwork.a in Frameworks */,
				13424D5020B4269E00C690CC /* libRCTText.a in Frameworks */,
				13424D5120B4269E00C690CC /* libRCTActionSheet.a in Frameworks */,
				13424D5220B4269E00C690CC /* libRCTWebSocket.a in Frameworks */,
				C221303D026AB3FADD8D7D4F /* Pods_ViroExample_archive.framework in Frameworks */,
			);
			runOnlyForDeploymentPostprocessing = 0;
		};
		8BE0D4121DF9DCFE0032AB99 /* Frameworks */ = {
			isa = PBXFrameworksBuildPhase;
			buildActionMask = 2147483647;
			files = (
				8AEBBF9B22F105DA00B01E7B /* libRCTAnimation.a in Frameworks */,
				A5ACE2CA225BEC7200F2AECB /* JavaScriptCore.framework in Frameworks */,
				8A1C312F211240C300F92429 /* libRNDeviceInfo.a in Frameworks */,
				136B0AEA20AA2FB800391021 /* libReact.a in Frameworks */,
				13424C7120B424DD00C690CC /* libViroReact.a in Frameworks */,
				8BDB54AF1DFFEE7300179AEF /* libRCTImage.a in Frameworks */,
				8BDB54B11DFFEE7E00179AEF /* libRCTNetwork.a in Frameworks */,
				8BDB54B31DFFEE8900179AEF /* libRCTText.a in Frameworks */,
				8BDB54B51DFFEE8F00179AEF /* libRCTActionSheet.a in Frameworks */,
				8BDB54B71DFFEE9600179AEF /* libRCTWebSocket.a in Frameworks */,
				E41723199722E35C70E906D9 /* Pods_ViroExample.framework in Frameworks */,
			);
			runOnlyForDeploymentPostprocessing = 0;
		};
		8BE0D42B1DF9DCFE0032AB99 /* Frameworks */ = {
			isa = PBXFrameworksBuildPhase;
			buildActionMask = 2147483647;
			files = (
			);
			runOnlyForDeploymentPostprocessing = 0;
		};
		8BE0D4361DF9DCFE0032AB99 /* Frameworks */ = {
			isa = PBXFrameworksBuildPhase;
			buildActionMask = 2147483647;
			files = (
			);
			runOnlyForDeploymentPostprocessing = 0;
		};
/* End PBXFrameworksBuildPhase section */

/* Begin PBXGroup section */
		3342BD660E91F1677147DD77 /* Pods */ = {
			isa = PBXGroup;
			children = (
				C64966CDCFCB64FCDFE6B2CF /* Pods-ViroExample.debug.xcconfig */,
				95BCD34C047577C6CABBCE9E /* Pods-ViroExample.release.xcconfig */,
				CC87993EA4397CDC2842FBCC /* Pods-ViroExample_archive.debug.xcconfig */,
				777E6F62127F6D7E64915E0D /* Pods-ViroExample_archive.release.xcconfig */,
				46E1A4922C7A9F316A846B33 /* Pods-ViroExample_no_use_frameworks.debug.xcconfig */,
				A12B834E3829DDDD1F3E9121 /* Pods-ViroExample_no_use_frameworks.release.xcconfig */,
			);
			name = Pods;
			sourceTree = "<group>";
		};
		8A1C31072112407400F92429 /* Products */ = {
			isa = PBXGroup;
			children = (
				8A1C31272112407500F92429 /* libRNDeviceInfo.a */,
				8A1C31292112407500F92429 /* libRNDeviceInfo-tvOS.a */,
			);
			name = Products;
			sourceTree = "<group>";
		};
		8AEBBF7222F104AB00B01E7B /* Products */ = {
			isa = PBXGroup;
			children = (
				8AEBBF7822F104AB00B01E7B /* libRCTAnimation.a */,
				8AEBBF7A22F104AB00B01E7B /* libRCTAnimation.a */,
			);
			name = Products;
			sourceTree = "<group>";
		};
		8BDD9D601E09E70F00A42870 /* Libraries */ = {
			isa = PBXGroup;
			children = (
				8AEBBF7122F104AB00B01E7B /* RCTAnimation.xcodeproj */,
				8A1C31062112407400F92429 /* RNDeviceInfo.xcodeproj */,
				8BDD9D981E09F38900A42870 /* ViroReact.xcodeproj */,
				8BDD9D871E09EBFF00A42870 /* React.xcodeproj */,
				8BDD9D901E09EC3E00A42870 /* RCTActionSheet.xcodeproj */,
				8BDD9D7E1E09EBB600A42870 /* RCTWebSocket.xcodeproj */,
				8BDD9D751E09EBA300A42870 /* RCTText.xcodeproj */,
				8BDD9D6C1E09EB8800A42870 /* RCTNetwork.xcodeproj */,
				8BDD9D621E09EB6900A42870 /* RCTImage.xcodeproj */,
			);
			name = Libraries;
			sourceTree = "<group>";
		};
		8BDD9D631E09EB6900A42870 /* Products */ = {
			isa = PBXGroup;
			children = (
				8BDD9D681E09EB6900A42870 /* libRCTImage.a */,
				8BDD9D6A1E09EB6900A42870 /* libRCTImage-tvOS.a */,
			);
			name = Products;
			sourceTree = "<group>";
		};
		8BDD9D6D1E09EB8800A42870 /* Products */ = {
			isa = PBXGroup;
			children = (
				8BDD9D721E09EB8800A42870 /* libRCTNetwork.a */,
				8BDD9D741E09EB8800A42870 /* libRCTNetwork-tvOS.a */,
			);
			name = Products;
			sourceTree = "<group>";
		};
		8BDD9D761E09EBA300A42870 /* Products */ = {
			isa = PBXGroup;
			children = (
				8BDD9D7B1E09EBA400A42870 /* libRCTText.a */,
				8BDD9D7D1E09EBA400A42870 /* libRCTText-tvOS.a */,
			);
			name = Products;
			sourceTree = "<group>";
		};
		8BDD9D7F1E09EBB600A42870 /* Products */ = {
			isa = PBXGroup;
			children = (
				8BDD9D841E09EBB600A42870 /* libRCTWebSocket.a */,
				8BDD9D861E09EBB600A42870 /* libRCTWebSocket-tvOS.a */,
				8AF0E0111FA3C1460083CBAE /* libfishhook.a */,
				8AF0E0131FA3C1460083CBAE /* libfishhook-tvOS.a */,
			);
			name = Products;
			sourceTree = "<group>";
		};
		8BDD9D881E09EBFF00A42870 /* Products */ = {
			isa = PBXGroup;
			children = (
				8BDD9D8D1E09EBFF00A42870 /* libReact.a */,
				8BDD9D8F1E09EBFF00A42870 /* libReact.a */,
				8BDDA0EC1E57F28B00A42870 /* libyoga.a */,
				8BDDA0EE1E57F28B00A42870 /* libyoga.a */,
				8BDDA0F01E57F28B00A42870 /* libcxxreact.a */,
				8BDDA0F21E57F28B00A42870 /* libcxxreact.a */,
				1358E52220A951DC00940D57 /* libjsinspector.a */,
				1358E52420A951DC00940D57 /* libjsinspector-tvOS.a */,
				8ABC82CD1F54F7CC00217AB8 /* libthird-party.a */,
				8ABC82CF1F54F7CC00217AB8 /* libthird-party.a */,
				8ABC82D11F54F7CC00217AB8 /* libdouble-conversion.a */,
				8ABC82D31F54F7CC00217AB8 /* libdouble-conversion.a */,
				A5ACE2BE225BEC7200F2AECB /* libjsi.a */,
				A5ACE2C0225BEC7200F2AECB /* libjsiexecutor.a */,
				A5ACE2C2225BEC7200F2AECB /* libjsi-tvOS.a */,
				A5ACE2C4225BEC7200F2AECB /* libjsiexecutor-tvOS.a */,
			);
			name = Products;
			sourceTree = "<group>";
		};
		8BDD9D911E09EC3E00A42870 /* Products */ = {
			isa = PBXGroup;
			children = (
				8BDD9D951E09EC3E00A42870 /* libRCTActionSheet.a */,
			);
			name = Products;
			sourceTree = "<group>";
		};
		8BDD9D991E09F38900A42870 /* Products */ = {
			isa = PBXGroup;
			children = (
				8BDD9D9D1E09F38900A42870 /* libViroReact.a */,
				13424D6320B4269F00C690CC /* libViroReact_release_tests.a */,
				1385B2A120CA098C00C3B6CE /* libViroReact_static_lib.a */,
			);
			name = Products;
			sourceTree = "<group>";
		};
		8BE0D40C1DF9DCFE0032AB99 = {
			isa = PBXGroup;
			children = (
				8BDD9D601E09E70F00A42870 /* Libraries */,
				8BE0D4AF1DFA1EE70032AB99 /* libReact.a */,
				8BE0D4B01DFA1EE70032AB99 /* libViroReact.a */,
				8BE0D4171DF9DCFE0032AB99 /* ViroExample */,
				8BE0D4311DF9DCFE0032AB99 /* ViroExampleTests */,
				8BE0D43C1DF9DCFE0032AB99 /* ViroExampleUITests */,
				8BE0D4161DF9DCFE0032AB99 /* Products */,
				3342BD660E91F1677147DD77 /* Pods */,
				CF64CBEF23D2243D4B4889B5 /* Frameworks */,
			);
			sourceTree = "<group>";
		};
		8BE0D4161DF9DCFE0032AB99 /* Products */ = {
			isa = PBXGroup;
			children = (
				8BE0D4151DF9DCFE0032AB99 /* ViroExample.app */,
				8BE0D42E1DF9DCFE0032AB99 /* ViroExampleTests.xctest */,
				8BE0D4391DF9DCFE0032AB99 /* ViroExampleUITests.xctest */,
				13424D6020B4269E00C690CC /* ViroExample_archive.app */,
				1331B79420C9A97300D1C5F5 /* ViroExample_no_use_frameworks.app */,
			);
			name = Products;
			sourceTree = "<group>";
		};
		8BE0D4171DF9DCFE0032AB99 /* ViroExample */ = {
			isa = PBXGroup;
			children = (
				8BE0D41B1DF9DCFE0032AB99 /* AppDelegate.h */,
				8BE0D41C1DF9DCFE0032AB99 /* AppDelegate.m */,
				8BE0D4241DF9DCFE0032AB99 /* Assets.xcassets */,
				8BE0D4261DF9DCFE0032AB99 /* LaunchScreen.storyboard */,
				8BE0D4291DF9DCFE0032AB99 /* Info.plist */,
				8BE0D4181DF9DCFE0032AB99 /* Supporting Files */,
			);
			path = ViroExample;
			sourceTree = "<group>";
		};
		8BE0D4181DF9DCFE0032AB99 /* Supporting Files */ = {
			isa = PBXGroup;
			children = (
				8BE0D4191DF9DCFE0032AB99 /* main.m */,
			);
			name = "Supporting Files";
			sourceTree = "<group>";
		};
		8BE0D4311DF9DCFE0032AB99 /* ViroExampleTests */ = {
			isa = PBXGroup;
			children = (
				8BE0D4321DF9DCFE0032AB99 /* ViroExampleTests.m */,
				8BE0D4341DF9DCFE0032AB99 /* Info.plist */,
			);
			path = ViroExampleTests;
			sourceTree = "<group>";
		};
		8BE0D43C1DF9DCFE0032AB99 /* ViroExampleUITests */ = {
			isa = PBXGroup;
			children = (
				8BE0D43D1DF9DCFE0032AB99 /* ViroExampleUITests.m */,
				8BE0D43F1DF9DCFE0032AB99 /* Info.plist */,
			);
			path = ViroExampleUITests;
			sourceTree = "<group>";
		};
		CF64CBEF23D2243D4B4889B5 /* Frameworks */ = {
			isa = PBXGroup;
			children = (
				A5ACE2A1225BEC7200F2AECB /* JavaScriptCore.framework */,
				A6DE3F7920B5E93B00B25FA3 /* Pods_ViroExample.framework */,
				8A2161D220365D5200D60008 /* ViroKit.framework */,
				8BDB54B61DFFEE9600179AEF /* libRCTWebSocket.a */,
				1385B1AB20CA08FA00C3B6CE /* ViroKit_static_lib.framework */,
				8BDB54B41DFFEE8F00179AEF /* libRCTActionSheet.a */,
				8BDB54B21DFFEE8900179AEF /* libRCTText.a */,
				8BDB54B01DFFEE7E00179AEF /* libRCTNetwork.a */,
				8BDB54AE1DFFEE7300179AEF /* libRCTImage.a */,
				9963AEFBC35CAFD7D48A8D1B /* Pods_ViroExample.framework */,
				C445C0CE086C1E4ADC10B629 /* Pods_ViroExample_archive.framework */,
				766F9F120676EE2ACDCD4956 /* libPods-ViroExample_no_use_frameworks.a */,
			);
			name = Frameworks;
			sourceTree = "<group>";
		};
/* End PBXGroup section */

/* Begin PBXNativeTarget section */
		1331B77A20C9A97300D1C5F5 /* ViroExample_no_use_frameworks */ = {
			isa = PBXNativeTarget;
			buildConfigurationList = 1331B79120C9A97300D1C5F5 /* Build configuration list for PBXNativeTarget "ViroExample_no_use_frameworks" */;
			buildPhases = (
				1331B77B20C9A97300D1C5F5 /* [CP] Check Pods Manifest.lock */,
				1331B77C20C9A97300D1C5F5 /* Sources */,
				1331B77F20C9A97300D1C5F5 /* Frameworks */,
				1331B78820C9A97300D1C5F5 /* Resources */,
				1331B78B20C9A97300D1C5F5 /* Embed Frameworks */,
				1331B78C20C9A97300D1C5F5 /* ShellScript */,
				1331B78F20C9A97300D1C5F5 /* Copy Ngrok Address to Build */,
				1331B79020C9A97300D1C5F5 /* Run Fabric */,
				3601AE3592BC6F4BF38B7204 /* [CP] Embed Pods Frameworks */,
			);
			buildRules = (
			);
			dependencies = (
			);
			name = ViroExample_no_use_frameworks;
			productName = ViroExample;
			productReference = 1331B79420C9A97300D1C5F5 /* ViroExample_no_use_frameworks.app */;
			productType = "com.apple.product-type.application";
		};
		13424D4620B4269E00C690CC /* ViroExample_archive */ = {
			isa = PBXNativeTarget;
			buildConfigurationList = 13424D5D20B4269E00C690CC /* Build configuration list for PBXNativeTarget "ViroExample_archive" */;
			buildPhases = (
				D57E7E8B81C1F880CA67DF7E /* [CP] Check Pods Manifest.lock */,
				13424D4820B4269E00C690CC /* Sources */,
				13424D4B20B4269E00C690CC /* Frameworks */,
				13424D5420B4269E00C690CC /* Resources */,
				13424D5720B4269E00C690CC /* Embed Frameworks */,
				13424D5820B4269E00C690CC /* ShellScript */,
				13424D5B20B4269E00C690CC /* Copy Ngrok Address to Build */,
				13424D5C20B4269E00C690CC /* Run Fabric */,
				92471D442FF7C9E8462BD9E1 /* [CP] Embed Pods Frameworks */,
				150FDA19F6DC04FB771C0368 /* [CP] Copy Pods Resources */,
			);
			buildRules = (
			);
			dependencies = (
			);
			name = ViroExample_archive;
			productName = ViroExample;
			productReference = 13424D6020B4269E00C690CC /* ViroExample_archive.app */;
			productType = "com.apple.product-type.application";
		};
		8BE0D4141DF9DCFE0032AB99 /* ViroExample */ = {
			isa = PBXNativeTarget;
			buildConfigurationList = 8BE0D4421DF9DCFE0032AB99 /* Build configuration list for PBXNativeTarget "ViroExample" */;
			buildPhases = (
				56ECCCE0B85392C586D819BA /* [CP] Check Pods Manifest.lock */,
				8BE0D4111DF9DCFE0032AB99 /* Sources */,
				8BE0D4121DF9DCFE0032AB99 /* Frameworks */,
				8BE0D4131DF9DCFE0032AB99 /* Resources */,
				8BE0D52C1DFA44EB0032AB99 /* Embed Frameworks */,
				8BE0D5351DFF494E0032AB99 /* ShellScript */,
				78E72CE123D22A61488E4DCD /* [CP] Embed Pods Frameworks */,
				3F40BDC48FB6296CC4E1E2E3 /* [CP] Copy Pods Resources */,
				8BDD9E001E44794F00A42870 /* Copy Ngrok Address to Build */,
			);
			buildRules = (
			);
			dependencies = (
			);
			name = ViroExample;
			productName = ViroExample;
			productReference = 8BE0D4151DF9DCFE0032AB99 /* ViroExample.app */;
			productType = "com.apple.product-type.application";
		};
		8BE0D42D1DF9DCFE0032AB99 /* ViroExampleTests */ = {
			isa = PBXNativeTarget;
			buildConfigurationList = 8BE0D4451DF9DCFE0032AB99 /* Build configuration list for PBXNativeTarget "ViroExampleTests" */;
			buildPhases = (
				8BE0D42A1DF9DCFE0032AB99 /* Sources */,
				8BE0D42B1DF9DCFE0032AB99 /* Frameworks */,
				8BE0D42C1DF9DCFE0032AB99 /* Resources */,
			);
			buildRules = (
			);
			dependencies = (
				8BE0D4301DF9DCFE0032AB99 /* PBXTargetDependency */,
			);
			name = ViroExampleTests;
			productName = ViroExampleTests;
			productReference = 8BE0D42E1DF9DCFE0032AB99 /* ViroExampleTests.xctest */;
			productType = "com.apple.product-type.bundle.unit-test";
		};
		8BE0D4381DF9DCFE0032AB99 /* ViroExampleUITests */ = {
			isa = PBXNativeTarget;
			buildConfigurationList = 8BE0D4481DF9DCFE0032AB99 /* Build configuration list for PBXNativeTarget "ViroExampleUITests" */;
			buildPhases = (
				8BE0D4351DF9DCFE0032AB99 /* Sources */,
				8BE0D4361DF9DCFE0032AB99 /* Frameworks */,
				8BE0D4371DF9DCFE0032AB99 /* Resources */,
			);
			buildRules = (
			);
			dependencies = (
				8BE0D43B1DF9DCFE0032AB99 /* PBXTargetDependency */,
			);
			name = ViroExampleUITests;
			productName = ViroExampleUITests;
			productReference = 8BE0D4391DF9DCFE0032AB99 /* ViroExampleUITests.xctest */;
			productType = "com.apple.product-type.bundle.ui-testing";
		};
/* End PBXNativeTarget section */

/* Begin PBXProject section */
		8BE0D40D1DF9DCFE0032AB99 /* Project object */ = {
			isa = PBXProject;
			attributes = {
				LastUpgradeCheck = 0730;
				ORGANIZATIONNAME = "Viro Media";
				TargetAttributes = {
					8BE0D4141DF9DCFE0032AB99 = {
						CreatedOnToolsVersion = 7.3;
					};
					8BE0D42D1DF9DCFE0032AB99 = {
						CreatedOnToolsVersion = 7.3;
						TestTargetID = 8BE0D4141DF9DCFE0032AB99;
					};
					8BE0D4381DF9DCFE0032AB99 = {
						CreatedOnToolsVersion = 7.3;
						TestTargetID = 8BE0D4141DF9DCFE0032AB99;
					};
				};
			};
			buildConfigurationList = 8BE0D4101DF9DCFE0032AB99 /* Build configuration list for PBXProject "ViroExample" */;
			compatibilityVersion = "Xcode 8.0";
			developmentRegion = English;
			hasScannedForEncodings = 0;
			knownRegions = (
				English,
				en,
				Base,
			);
			mainGroup = 8BE0D40C1DF9DCFE0032AB99;
			productRefGroup = 8BE0D4161DF9DCFE0032AB99 /* Products */;
			projectDirPath = "";
			projectReferences = (
				{
					ProductGroup = 8BDD9D911E09EC3E00A42870 /* Products */;
					ProjectRef = 8BDD9D901E09EC3E00A42870 /* RCTActionSheet.xcodeproj */;
				},
				{
					ProductGroup = 8AEBBF7222F104AB00B01E7B /* Products */;
					ProjectRef = 8AEBBF7122F104AB00B01E7B /* RCTAnimation.xcodeproj */;
				},
				{
					ProductGroup = 8BDD9D631E09EB6900A42870 /* Products */;
					ProjectRef = 8BDD9D621E09EB6900A42870 /* RCTImage.xcodeproj */;
				},
				{
					ProductGroup = 8BDD9D6D1E09EB8800A42870 /* Products */;
					ProjectRef = 8BDD9D6C1E09EB8800A42870 /* RCTNetwork.xcodeproj */;
				},
				{
					ProductGroup = 8BDD9D761E09EBA300A42870 /* Products */;
					ProjectRef = 8BDD9D751E09EBA300A42870 /* RCTText.xcodeproj */;
				},
				{
					ProductGroup = 8BDD9D7F1E09EBB600A42870 /* Products */;
					ProjectRef = 8BDD9D7E1E09EBB600A42870 /* RCTWebSocket.xcodeproj */;
				},
				{
					ProductGroup = 8BDD9D881E09EBFF00A42870 /* Products */;
					ProjectRef = 8BDD9D871E09EBFF00A42870 /* React.xcodeproj */;
				},
				{
					ProductGroup = 8A1C31072112407400F92429 /* Products */;
					ProjectRef = 8A1C31062112407400F92429 /* RNDeviceInfo.xcodeproj */;
				},
				{
					ProductGroup = 8BDD9D991E09F38900A42870 /* Products */;
					ProjectRef = 8BDD9D981E09F38900A42870 /* ViroReact.xcodeproj */;
				},
			);
			projectRoot = "";
			targets = (
				8BE0D4141DF9DCFE0032AB99 /* ViroExample */,
				13424D4620B4269E00C690CC /* ViroExample_archive */,
				8BE0D42D1DF9DCFE0032AB99 /* ViroExampleTests */,
				8BE0D4381DF9DCFE0032AB99 /* ViroExampleUITests */,
				1331B77A20C9A97300D1C5F5 /* ViroExample_no_use_frameworks */,
			);
		};
/* End PBXProject section */

/* Begin PBXReferenceProxy section */
		13424D6320B4269F00C690CC /* libViroReact_release_tests.a */ = {
			isa = PBXReferenceProxy;
			fileType = archive.ar;
			path = libViroReact_release_tests.a;
			remoteRef = 13424D6220B4269F00C690CC /* PBXContainerItemProxy */;
			sourceTree = BUILT_PRODUCTS_DIR;
		};
		1358E52220A951DC00940D57 /* libjsinspector.a */ = {
			isa = PBXReferenceProxy;
			fileType = archive.ar;
			path = libjsinspector.a;
			remoteRef = 1358E52120A951DC00940D57 /* PBXContainerItemProxy */;
			sourceTree = BUILT_PRODUCTS_DIR;
		};
		1358E52420A951DC00940D57 /* libjsinspector-tvOS.a */ = {
			isa = PBXReferenceProxy;
			fileType = archive.ar;
			path = "libjsinspector-tvOS.a";
			remoteRef = 1358E52320A951DC00940D57 /* PBXContainerItemProxy */;
			sourceTree = BUILT_PRODUCTS_DIR;
		};
		1385B2A120CA098C00C3B6CE /* libViroReact_static_lib.a */ = {
			isa = PBXReferenceProxy;
			fileType = archive.ar;
			path = libViroReact_static_lib.a;
			remoteRef = 1385B2A020CA098C00C3B6CE /* PBXContainerItemProxy */;
			sourceTree = BUILT_PRODUCTS_DIR;
		};
		8A1C31272112407500F92429 /* libRNDeviceInfo.a */ = {
			isa = PBXReferenceProxy;
			fileType = archive.ar;
			path = libRNDeviceInfo.a;
			remoteRef = 8A1C31262112407500F92429 /* PBXContainerItemProxy */;
			sourceTree = BUILT_PRODUCTS_DIR;
		};
		8A1C31292112407500F92429 /* libRNDeviceInfo-tvOS.a */ = {
			isa = PBXReferenceProxy;
			fileType = archive.ar;
			path = "libRNDeviceInfo-tvOS.a";
			remoteRef = 8A1C31282112407500F92429 /* PBXContainerItemProxy */;
			sourceTree = BUILT_PRODUCTS_DIR;
		};
		8ABC82CD1F54F7CC00217AB8 /* libthird-party.a */ = {
			isa = PBXReferenceProxy;
			fileType = archive.ar;
			path = "libthird-party.a";
			remoteRef = 8ABC82CC1F54F7CC00217AB8 /* PBXContainerItemProxy */;
			sourceTree = BUILT_PRODUCTS_DIR;
		};
		8ABC82CF1F54F7CC00217AB8 /* libthird-party.a */ = {
			isa = PBXReferenceProxy;
			fileType = archive.ar;
			path = "libthird-party.a";
			remoteRef = 8ABC82CE1F54F7CC00217AB8 /* PBXContainerItemProxy */;
			sourceTree = BUILT_PRODUCTS_DIR;
		};
		8ABC82D11F54F7CC00217AB8 /* libdouble-conversion.a */ = {
			isa = PBXReferenceProxy;
			fileType = archive.ar;
			path = "libdouble-conversion.a";
			remoteRef = 8ABC82D01F54F7CC00217AB8 /* PBXContainerItemProxy */;
			sourceTree = BUILT_PRODUCTS_DIR;
		};
		8ABC82D31F54F7CC00217AB8 /* libdouble-conversion.a */ = {
			isa = PBXReferenceProxy;
			fileType = archive.ar;
			path = "libdouble-conversion.a";
			remoteRef = 8ABC82D21F54F7CC00217AB8 /* PBXContainerItemProxy */;
			sourceTree = BUILT_PRODUCTS_DIR;
		};
		8AEBBF7822F104AB00B01E7B /* libRCTAnimation.a */ = {
			isa = PBXReferenceProxy;
			fileType = archive.ar;
			path = libRCTAnimation.a;
			remoteRef = 8AEBBF7722F104AB00B01E7B /* PBXContainerItemProxy */;
			sourceTree = BUILT_PRODUCTS_DIR;
		};
		8AEBBF7A22F104AB00B01E7B /* libRCTAnimation.a */ = {
			isa = PBXReferenceProxy;
			fileType = archive.ar;
			path = libRCTAnimation.a;
			remoteRef = 8AEBBF7922F104AB00B01E7B /* PBXContainerItemProxy */;
			sourceTree = BUILT_PRODUCTS_DIR;
		};
		8AF0E0111FA3C1460083CBAE /* libfishhook.a */ = {
			isa = PBXReferenceProxy;
			fileType = archive.ar;
			path = libfishhook.a;
			remoteRef = 8AF0E0101FA3C1460083CBAE /* PBXContainerItemProxy */;
			sourceTree = BUILT_PRODUCTS_DIR;
		};
		8AF0E0131FA3C1460083CBAE /* libfishhook-tvOS.a */ = {
			isa = PBXReferenceProxy;
			fileType = archive.ar;
			path = "libfishhook-tvOS.a";
			remoteRef = 8AF0E0121FA3C1460083CBAE /* PBXContainerItemProxy */;
			sourceTree = BUILT_PRODUCTS_DIR;
		};
		8BDD9D681E09EB6900A42870 /* libRCTImage.a */ = {
			isa = PBXReferenceProxy;
			fileType = archive.ar;
			path = libRCTImage.a;
			remoteRef = 8BDD9D671E09EB6900A42870 /* PBXContainerItemProxy */;
			sourceTree = BUILT_PRODUCTS_DIR;
		};
		8BDD9D6A1E09EB6900A42870 /* libRCTImage-tvOS.a */ = {
			isa = PBXReferenceProxy;
			fileType = archive.ar;
			path = "libRCTImage-tvOS.a";
			remoteRef = 8BDD9D691E09EB6900A42870 /* PBXContainerItemProxy */;
			sourceTree = BUILT_PRODUCTS_DIR;
		};
		8BDD9D721E09EB8800A42870 /* libRCTNetwork.a */ = {
			isa = PBXReferenceProxy;
			fileType = archive.ar;
			path = libRCTNetwork.a;
			remoteRef = 8BDD9D711E09EB8800A42870 /* PBXContainerItemProxy */;
			sourceTree = BUILT_PRODUCTS_DIR;
		};
		8BDD9D741E09EB8800A42870 /* libRCTNetwork-tvOS.a */ = {
			isa = PBXReferenceProxy;
			fileType = archive.ar;
			path = "libRCTNetwork-tvOS.a";
			remoteRef = 8BDD9D731E09EB8800A42870 /* PBXContainerItemProxy */;
			sourceTree = BUILT_PRODUCTS_DIR;
		};
		8BDD9D7B1E09EBA400A42870 /* libRCTText.a */ = {
			isa = PBXReferenceProxy;
			fileType = archive.ar;
			path = libRCTText.a;
			remoteRef = 8BDD9D7A1E09EBA400A42870 /* PBXContainerItemProxy */;
			sourceTree = BUILT_PRODUCTS_DIR;
		};
		8BDD9D7D1E09EBA400A42870 /* libRCTText-tvOS.a */ = {
			isa = PBXReferenceProxy;
			fileType = archive.ar;
			path = "libRCTText-tvOS.a";
			remoteRef = 8BDD9D7C1E09EBA400A42870 /* PBXContainerItemProxy */;
			sourceTree = BUILT_PRODUCTS_DIR;
		};
		8BDD9D841E09EBB600A42870 /* libRCTWebSocket.a */ = {
			isa = PBXReferenceProxy;
			fileType = archive.ar;
			path = libRCTWebSocket.a;
			remoteRef = 8BDD9D831E09EBB600A42870 /* PBXContainerItemProxy */;
			sourceTree = BUILT_PRODUCTS_DIR;
		};
		8BDD9D861E09EBB600A42870 /* libRCTWebSocket-tvOS.a */ = {
			isa = PBXReferenceProxy;
			fileType = archive.ar;
			path = "libRCTWebSocket-tvOS.a";
			remoteRef = 8BDD9D851E09EBB600A42870 /* PBXContainerItemProxy */;
			sourceTree = BUILT_PRODUCTS_DIR;
		};
		8BDD9D8D1E09EBFF00A42870 /* libReact.a */ = {
			isa = PBXReferenceProxy;
			fileType = archive.ar;
			path = libReact.a;
			remoteRef = 8BDD9D8C1E09EBFF00A42870 /* PBXContainerItemProxy */;
			sourceTree = BUILT_PRODUCTS_DIR;
		};
		8BDD9D8F1E09EBFF00A42870 /* libReact.a */ = {
			isa = PBXReferenceProxy;
			fileType = archive.ar;
			path = libReact.a;
			remoteRef = 8BDD9D8E1E09EBFF00A42870 /* PBXContainerItemProxy */;
			sourceTree = BUILT_PRODUCTS_DIR;
		};
		8BDD9D951E09EC3E00A42870 /* libRCTActionSheet.a */ = {
			isa = PBXReferenceProxy;
			fileType = archive.ar;
			path = libRCTActionSheet.a;
			remoteRef = 8BDD9D941E09EC3E00A42870 /* PBXContainerItemProxy */;
			sourceTree = BUILT_PRODUCTS_DIR;
		};
		8BDD9D9D1E09F38900A42870 /* libViroReact.a */ = {
			isa = PBXReferenceProxy;
			fileType = archive.ar;
			path = libViroReact.a;
			remoteRef = 8BDD9D9C1E09F38900A42870 /* PBXContainerItemProxy */;
			sourceTree = BUILT_PRODUCTS_DIR;
		};
		8BDDA0EC1E57F28B00A42870 /* libyoga.a */ = {
			isa = PBXReferenceProxy;
			fileType = archive.ar;
			path = libyoga.a;
			remoteRef = 8BDDA0EB1E57F28B00A42870 /* PBXContainerItemProxy */;
			sourceTree = BUILT_PRODUCTS_DIR;
		};
		8BDDA0EE1E57F28B00A42870 /* libyoga.a */ = {
			isa = PBXReferenceProxy;
			fileType = archive.ar;
			path = libyoga.a;
			remoteRef = 8BDDA0ED1E57F28B00A42870 /* PBXContainerItemProxy */;
			sourceTree = BUILT_PRODUCTS_DIR;
		};
		8BDDA0F01E57F28B00A42870 /* libcxxreact.a */ = {
			isa = PBXReferenceProxy;
			fileType = archive.ar;
			path = libcxxreact.a;
			remoteRef = 8BDDA0EF1E57F28B00A42870 /* PBXContainerItemProxy */;
			sourceTree = BUILT_PRODUCTS_DIR;
		};
		8BDDA0F21E57F28B00A42870 /* libcxxreact.a */ = {
			isa = PBXReferenceProxy;
			fileType = archive.ar;
			path = libcxxreact.a;
			remoteRef = 8BDDA0F11E57F28B00A42870 /* PBXContainerItemProxy */;
			sourceTree = BUILT_PRODUCTS_DIR;
		};
		A5ACE2BE225BEC7200F2AECB /* libjsi.a */ = {
			isa = PBXReferenceProxy;
			fileType = archive.ar;
			path = libjsi.a;
			remoteRef = A5ACE2BD225BEC7200F2AECB /* PBXContainerItemProxy */;
			sourceTree = BUILT_PRODUCTS_DIR;
		};
		A5ACE2C0225BEC7200F2AECB /* libjsiexecutor.a */ = {
			isa = PBXReferenceProxy;
			fileType = archive.ar;
			path = libjsiexecutor.a;
			remoteRef = A5ACE2BF225BEC7200F2AECB /* PBXContainerItemProxy */;
			sourceTree = BUILT_PRODUCTS_DIR;
		};
		A5ACE2C2225BEC7200F2AECB /* libjsi-tvOS.a */ = {
			isa = PBXReferenceProxy;
			fileType = archive.ar;
			path = "libjsi-tvOS.a";
			remoteRef = A5ACE2C1225BEC7200F2AECB /* PBXContainerItemProxy */;
			sourceTree = BUILT_PRODUCTS_DIR;
		};
		A5ACE2C4225BEC7200F2AECB /* libjsiexecutor-tvOS.a */ = {
			isa = PBXReferenceProxy;
			fileType = archive.ar;
			path = "libjsiexecutor-tvOS.a";
			remoteRef = A5ACE2C3225BEC7200F2AECB /* PBXContainerItemProxy */;
			sourceTree = BUILT_PRODUCTS_DIR;
		};
/* End PBXReferenceProxy section */

/* Begin PBXResourcesBuildPhase section */
		1331B78820C9A97300D1C5F5 /* Resources */ = {
			isa = PBXResourcesBuildPhase;
			buildActionMask = 2147483647;
			files = (
				1331B78920C9A97300D1C5F5 /* Assets.xcassets in Resources */,
				1331B78A20C9A97300D1C5F5 /* LaunchScreen.storyboard in Resources */,
			);
			runOnlyForDeploymentPostprocessing = 0;
		};
		13424D5420B4269E00C690CC /* Resources */ = {
			isa = PBXResourcesBuildPhase;
			buildActionMask = 2147483647;
			files = (
				13424D5520B4269E00C690CC /* Assets.xcassets in Resources */,
				13424D5620B4269E00C690CC /* LaunchScreen.storyboard in Resources */,
			);
			runOnlyForDeploymentPostprocessing = 0;
		};
		8BE0D4131DF9DCFE0032AB99 /* Resources */ = {
			isa = PBXResourcesBuildPhase;
			buildActionMask = 2147483647;
			files = (
				8B3C3ADF1F3CDEAB001C03C9 /* Assets.xcassets in Resources */,
				8BE0D4281DF9DCFE0032AB99 /* LaunchScreen.storyboard in Resources */,
			);
			runOnlyForDeploymentPostprocessing = 0;
		};
		8BE0D42C1DF9DCFE0032AB99 /* Resources */ = {
			isa = PBXResourcesBuildPhase;
			buildActionMask = 2147483647;
			files = (
			);
			runOnlyForDeploymentPostprocessing = 0;
		};
		8BE0D4371DF9DCFE0032AB99 /* Resources */ = {
			isa = PBXResourcesBuildPhase;
			buildActionMask = 2147483647;
			files = (
			);
			runOnlyForDeploymentPostprocessing = 0;
		};
/* End PBXResourcesBuildPhase section */

/* Begin PBXShellScriptBuildPhase section */
		1331B77B20C9A97300D1C5F5 /* [CP] Check Pods Manifest.lock */ = {
			isa = PBXShellScriptBuildPhase;
			buildActionMask = 2147483647;
			files = (
			);
			inputPaths = (
				"${PODS_PODFILE_DIR_PATH}/Podfile.lock",
				"${PODS_ROOT}/Manifest.lock",
			);
			name = "[CP] Check Pods Manifest.lock";
			outputPaths = (
				"$(DERIVED_FILE_DIR)/Pods-ViroExample_no_use_frameworks-checkManifestLockResult.txt",
			);
			runOnlyForDeploymentPostprocessing = 0;
			shellPath = /bin/sh;
			shellScript = "diff \"${PODS_PODFILE_DIR_PATH}/Podfile.lock\" \"${PODS_ROOT}/Manifest.lock\" > /dev/null\nif [ $? != 0 ] ; then\n    # print error to STDERR\n    echo \"error: The sandbox is not in sync with the Podfile.lock. Run 'pod install' or update your CocoaPods installation.\" >&2\n    exit 1\nfi\n# This output is used by Xcode 'outputs' to avoid re-running this script phase.\necho \"SUCCESS\" > \"${SCRIPT_OUTPUT_FILE_0}\"\n";
			showEnvVarsInLog = 0;
		};
		1331B78C20C9A97300D1C5F5 /* ShellScript */ = {
			isa = PBXShellScriptBuildPhase;
			buildActionMask = 2147483647;
			files = (
			);
			inputPaths = (
			);
			outputPaths = (
			);
			runOnlyForDeploymentPostprocessing = 0;
			shellPath = /bin/sh;
			shellScript = "export NODE_BINARY=node\n\n$SRCROOT/../../node_modules/react-native/scripts/react-native-xcode.sh $SRCROOT/../../index.js";
		};
		1331B78F20C9A97300D1C5F5 /* Copy Ngrok Address to Build */ = {
			isa = PBXShellScriptBuildPhase;
			buildActionMask = 2147483647;
			files = (
			);
			inputPaths = (
			);
			name = "Copy Ngrok Address to Build";
			outputPaths = (
			);
			runOnlyForDeploymentPostprocessing = 0;
			shellPath = /bin/sh;
			shellScript = "\nDEST=$CONFIGURATION_BUILD_DIR/$UNLOCALIZED_RESOURCES_FOLDER_PATH\nendpointfile=\"ngrokendpoint.txt\"\n\nif [[ -e \"$SRCROOT/../../../ios/$endpointfile\" ]]; then\necho \"Ngrok endpoint file found, copying over...\"\n\ncp \"$SRCROOT/../../../ios/$endpointfile\" \"$DEST/$endpointfile\"\nbreak;\nfi";
		};
		1331B79020C9A97300D1C5F5 /* Run Fabric */ = {
			isa = PBXShellScriptBuildPhase;
			buildActionMask = 2147483647;
			files = (
			);
			inputPaths = (
			);
			name = "Run Fabric";
			outputPaths = (
			);
			runOnlyForDeploymentPostprocessing = 0;
			shellPath = /bin/sh;
			shellScript = "\"${PODS_ROOT}/Fabric/run\" REMOVED 612ac0e8e7b883f1e327833bf5978d6cf57e42522375633c7b597364120b7015";
		};
		13424D5820B4269E00C690CC /* ShellScript */ = {
			isa = PBXShellScriptBuildPhase;
			buildActionMask = 2147483647;
			files = (
			);
			inputPaths = (
			);
			outputPaths = (
			);
			runOnlyForDeploymentPostprocessing = 0;
			shellPath = /bin/sh;
			shellScript = "export NODE_BINARY=node\n\n$SRCROOT/../../node_modules/react-native/scripts/react-native-xcode.sh $SRCROOT/../../index.js";
		};
		13424D5B20B4269E00C690CC /* Copy Ngrok Address to Build */ = {
			isa = PBXShellScriptBuildPhase;
			buildActionMask = 2147483647;
			files = (
			);
			inputPaths = (
			);
			name = "Copy Ngrok Address to Build";
			outputPaths = (
			);
			runOnlyForDeploymentPostprocessing = 0;
			shellPath = /bin/sh;
			shellScript = "\nDEST=$CONFIGURATION_BUILD_DIR/$UNLOCALIZED_RESOURCES_FOLDER_PATH\nendpointfile=\"ngrokendpoint.txt\"\n\nif [[ -e \"$SRCROOT/../../../ios/$endpointfile\" ]]; then\necho \"Ngrok endpoint file found, copying over...\"\n\ncp \"$SRCROOT/../../../ios/$endpointfile\" \"$DEST/$endpointfile\"\nbreak;\nfi";
		};
		13424D5C20B4269E00C690CC /* Run Fabric */ = {
			isa = PBXShellScriptBuildPhase;
			buildActionMask = 2147483647;
			files = (
			);
			inputPaths = (
			);
			name = "Run Fabric";
			outputPaths = (
			);
			runOnlyForDeploymentPostprocessing = 0;
			shellPath = /bin/sh;
			shellScript = "\"${PODS_ROOT}/Fabric/run\" REMOVED 612ac0e8e7b883f1e327833bf5978d6cf57e42522375633c7b597364120b7015";
		};
		150FDA19F6DC04FB771C0368 /* [CP] Copy Pods Resources */ = {
			isa = PBXShellScriptBuildPhase;
			buildActionMask = 2147483647;
			files = (
			);
			inputPaths = (
				"${SRCROOT}/Pods/Target Support Files/Pods-ViroExample_archive/Pods-ViroExample_archive-resources.sh",
				"${PODS_ROOT}/GVRSDK/Resources/CardboardSDK.bundle",
				"${PODS_ROOT}/GVRSDK/Resources/GoogleKitCore.bundle",
				"${PODS_ROOT}/GVRSDK/Resources/GoogleKitDialogs.bundle",
				"${PODS_ROOT}/GVRSDK/Resources/GoogleKitHUD.bundle",
				"${PODS_ROOT}/GVRSDK/Resources/MaterialRobotoFontLoader.bundle",
			);
			name = "[CP] Copy Pods Resources";
			outputPaths = (
				"${TARGET_BUILD_DIR}/${UNLOCALIZED_RESOURCES_FOLDER_PATH}/CardboardSDK.bundle",
				"${TARGET_BUILD_DIR}/${UNLOCALIZED_RESOURCES_FOLDER_PATH}/GoogleKitCore.bundle",
				"${TARGET_BUILD_DIR}/${UNLOCALIZED_RESOURCES_FOLDER_PATH}/GoogleKitDialogs.bundle",
				"${TARGET_BUILD_DIR}/${UNLOCALIZED_RESOURCES_FOLDER_PATH}/GoogleKitHUD.bundle",
				"${TARGET_BUILD_DIR}/${UNLOCALIZED_RESOURCES_FOLDER_PATH}/MaterialRobotoFontLoader.bundle",
			);
			runOnlyForDeploymentPostprocessing = 0;
			shellPath = /bin/sh;
			shellScript = "\"${SRCROOT}/Pods/Target Support Files/Pods-ViroExample_archive/Pods-ViroExample_archive-resources.sh\"\n";
			showEnvVarsInLog = 0;
		};
		3601AE3592BC6F4BF38B7204 /* [CP] Embed Pods Frameworks */ = {
			isa = PBXShellScriptBuildPhase;
			buildActionMask = 2147483647;
			files = (
			);
			inputPaths = (
				"${SRCROOT}/Pods/Target Support Files/Pods-ViroExample_no_use_frameworks/Pods-ViroExample_no_use_frameworks-frameworks.sh",
				"${PODS_ROOT}/../../../../ios/dist/ViroRenderer/static_lib/ViroKit_static_lib.framework",
			);
			name = "[CP] Embed Pods Frameworks";
			outputPaths = (
				"${TARGET_BUILD_DIR}/${FRAMEWORKS_FOLDER_PATH}/ViroKit_static_lib.framework",
			);
			runOnlyForDeploymentPostprocessing = 0;
			shellPath = /bin/sh;
			shellScript = "\"${SRCROOT}/Pods/Target Support Files/Pods-ViroExample_no_use_frameworks/Pods-ViroExample_no_use_frameworks-frameworks.sh\"\n";
			showEnvVarsInLog = 0;
		};
		3F40BDC48FB6296CC4E1E2E3 /* [CP] Copy Pods Resources */ = {
			isa = PBXShellScriptBuildPhase;
			buildActionMask = 2147483647;
			files = (
			);
			inputPaths = (
				"${SRCROOT}/Pods/Target Support Files/Pods-ViroExample/Pods-ViroExample-resources.sh",
				"${PODS_ROOT}/GVRSDK/Resources/CardboardSDK.bundle",
				"${PODS_ROOT}/GVRSDK/Resources/GoogleKitCore.bundle",
				"${PODS_ROOT}/GVRSDK/Resources/GoogleKitDialogs.bundle",
				"${PODS_ROOT}/GVRSDK/Resources/GoogleKitHUD.bundle",
				"${PODS_ROOT}/GVRSDK/Resources/MaterialRobotoFontLoader.bundle",
			);
			name = "[CP] Copy Pods Resources";
			outputPaths = (
				"${TARGET_BUILD_DIR}/${UNLOCALIZED_RESOURCES_FOLDER_PATH}/CardboardSDK.bundle",
				"${TARGET_BUILD_DIR}/${UNLOCALIZED_RESOURCES_FOLDER_PATH}/GoogleKitCore.bundle",
				"${TARGET_BUILD_DIR}/${UNLOCALIZED_RESOURCES_FOLDER_PATH}/GoogleKitDialogs.bundle",
				"${TARGET_BUILD_DIR}/${UNLOCALIZED_RESOURCES_FOLDER_PATH}/GoogleKitHUD.bundle",
				"${TARGET_BUILD_DIR}/${UNLOCALIZED_RESOURCES_FOLDER_PATH}/MaterialRobotoFontLoader.bundle",
			);
			runOnlyForDeploymentPostprocessing = 0;
			shellPath = /bin/sh;
			shellScript = "\"${SRCROOT}/Pods/Target Support Files/Pods-ViroExample/Pods-ViroExample-resources.sh\"\n";
			showEnvVarsInLog = 0;
		};
		56ECCCE0B85392C586D819BA /* [CP] Check Pods Manifest.lock */ = {
			isa = PBXShellScriptBuildPhase;
			buildActionMask = 2147483647;
			files = (
			);
			inputPaths = (
				"${PODS_PODFILE_DIR_PATH}/Podfile.lock",
				"${PODS_ROOT}/Manifest.lock",
			);
			name = "[CP] Check Pods Manifest.lock";
			outputPaths = (
				"$(DERIVED_FILE_DIR)/Pods-ViroExample-checkManifestLockResult.txt",
			);
			runOnlyForDeploymentPostprocessing = 0;
			shellPath = /bin/sh;
			shellScript = "diff \"${PODS_PODFILE_DIR_PATH}/Podfile.lock\" \"${PODS_ROOT}/Manifest.lock\" > /dev/null\nif [ $? != 0 ] ; then\n    # print error to STDERR\n    echo \"error: The sandbox is not in sync with the Podfile.lock. Run 'pod install' or update your CocoaPods installation.\" >&2\n    exit 1\nfi\n# This output is used by Xcode 'outputs' to avoid re-running this script phase.\necho \"SUCCESS\" > \"${SCRIPT_OUTPUT_FILE_0}\"\n";
			showEnvVarsInLog = 0;
		};
		78E72CE123D22A61488E4DCD /* [CP] Embed Pods Frameworks */ = {
			isa = PBXShellScriptBuildPhase;
			buildActionMask = 2147483647;
			files = (
			);
			inputPaths = (
				"${SRCROOT}/Pods/Target Support Files/Pods-ViroExample/Pods-ViroExample-frameworks.sh",
				"${BUILT_PRODUCTS_DIR}/GTMSessionFetcher/GTMSessionFetcher.framework",
				"${BUILT_PRODUCTS_DIR}/GoogleToolboxForMac/GoogleToolboxForMac.framework",
				"${PODS_ROOT}/../../../../ios/dist/ViroRenderer/ViroKit.framework",
			);
			name = "[CP] Embed Pods Frameworks";
			outputPaths = (
				"${TARGET_BUILD_DIR}/${FRAMEWORKS_FOLDER_PATH}/GTMSessionFetcher.framework",
				"${TARGET_BUILD_DIR}/${FRAMEWORKS_FOLDER_PATH}/GoogleToolboxForMac.framework",
				"${TARGET_BUILD_DIR}/${FRAMEWORKS_FOLDER_PATH}/ViroKit.framework",
			);
			runOnlyForDeploymentPostprocessing = 0;
			shellPath = /bin/sh;
			shellScript = "\"${SRCROOT}/Pods/Target Support Files/Pods-ViroExample/Pods-ViroExample-frameworks.sh\"\n";
			showEnvVarsInLog = 0;
		};
		8BDD9E001E44794F00A42870 /* Copy Ngrok Address to Build */ = {
			isa = PBXShellScriptBuildPhase;
			buildActionMask = 2147483647;
			files = (
			);
			inputPaths = (
			);
			name = "Copy Ngrok Address to Build";
			outputPaths = (
			);
			runOnlyForDeploymentPostprocessing = 0;
			shellPath = /bin/sh;
			shellScript = "\nDEST=$CONFIGURATION_BUILD_DIR/$UNLOCALIZED_RESOURCES_FOLDER_PATH\nendpointfile=\"ngrokendpoint.txt\"\n\nif [[ -e \"$SRCROOT/../../../ios/$endpointfile\" ]]; then\necho \"Ngrok endpoint file found, copying over...\"\n\ncp \"$SRCROOT/../../../ios/$endpointfile\" \"$DEST/$endpointfile\"\nbreak;\nfi";
		};
		8BE0D5351DFF494E0032AB99 /* ShellScript */ = {
			isa = PBXShellScriptBuildPhase;
			buildActionMask = 2147483647;
			files = (
			);
			inputPaths = (
			);
			outputPaths = (
			);
			runOnlyForDeploymentPostprocessing = 0;
			shellPath = /bin/sh;
			shellScript = "export NODE_BINARY=node\n\n$SRCROOT/../../node_modules/react-native/scripts/react-native-xcode.sh $SRCROOT/../../index.js\n";
		};
		92471D442FF7C9E8462BD9E1 /* [CP] Embed Pods Frameworks */ = {
			isa = PBXShellScriptBuildPhase;
			buildActionMask = 2147483647;
			files = (
			);
			inputPaths = (
				"${SRCROOT}/Pods/Target Support Files/Pods-ViroExample_archive/Pods-ViroExample_archive-frameworks.sh",
				"${BUILT_PRODUCTS_DIR}/GTMSessionFetcher/GTMSessionFetcher.framework",
				"${BUILT_PRODUCTS_DIR}/GoogleToolboxForMac/GoogleToolboxForMac.framework",
				"${PODS_ROOT}/../../../../ios/dist/ViroRenderer/ViroKit.framework",
			);
			name = "[CP] Embed Pods Frameworks";
			outputPaths = (
				"${TARGET_BUILD_DIR}/${FRAMEWORKS_FOLDER_PATH}/GTMSessionFetcher.framework",
				"${TARGET_BUILD_DIR}/${FRAMEWORKS_FOLDER_PATH}/GoogleToolboxForMac.framework",
				"${TARGET_BUILD_DIR}/${FRAMEWORKS_FOLDER_PATH}/ViroKit.framework",
			);
			runOnlyForDeploymentPostprocessing = 0;
			shellPath = /bin/sh;
			shellScript = "\"${SRCROOT}/Pods/Target Support Files/Pods-ViroExample_archive/Pods-ViroExample_archive-frameworks.sh\"\n";
			showEnvVarsInLog = 0;
		};
		D57E7E8B81C1F880CA67DF7E /* [CP] Check Pods Manifest.lock */ = {
			isa = PBXShellScriptBuildPhase;
			buildActionMask = 2147483647;
			files = (
			);
			inputPaths = (
				"${PODS_PODFILE_DIR_PATH}/Podfile.lock",
				"${PODS_ROOT}/Manifest.lock",
			);
			name = "[CP] Check Pods Manifest.lock";
			outputPaths = (
				"$(DERIVED_FILE_DIR)/Pods-ViroExample_archive-checkManifestLockResult.txt",
			);
			runOnlyForDeploymentPostprocessing = 0;
			shellPath = /bin/sh;
			shellScript = "diff \"${PODS_PODFILE_DIR_PATH}/Podfile.lock\" \"${PODS_ROOT}/Manifest.lock\" > /dev/null\nif [ $? != 0 ] ; then\n    # print error to STDERR\n    echo \"error: The sandbox is not in sync with the Podfile.lock. Run 'pod install' or update your CocoaPods installation.\" >&2\n    exit 1\nfi\n# This output is used by Xcode 'outputs' to avoid re-running this script phase.\necho \"SUCCESS\" > \"${SCRIPT_OUTPUT_FILE_0}\"\n";
			showEnvVarsInLog = 0;
		};
/* End PBXShellScriptBuildPhase section */

/* Begin PBXSourcesBuildPhase section */
		1331B77C20C9A97300D1C5F5 /* Sources */ = {
			isa = PBXSourcesBuildPhase;
			buildActionMask = 2147483647;
			files = (
				1331B77D20C9A97300D1C5F5 /* AppDelegate.m in Sources */,
				1331B77E20C9A97300D1C5F5 /* main.m in Sources */,
			);
			runOnlyForDeploymentPostprocessing = 0;
		};
		13424D4820B4269E00C690CC /* Sources */ = {
			isa = PBXSourcesBuildPhase;
			buildActionMask = 2147483647;
			files = (
				13424D4920B4269E00C690CC /* AppDelegate.m in Sources */,
				13424D4A20B4269E00C690CC /* main.m in Sources */,
			);
			runOnlyForDeploymentPostprocessing = 0;
		};
		8BE0D4111DF9DCFE0032AB99 /* Sources */ = {
			isa = PBXSourcesBuildPhase;
			buildActionMask = 2147483647;
			files = (
				8BE0D41D1DF9DCFE0032AB99 /* AppDelegate.m in Sources */,
				8BE0D41A1DF9DCFE0032AB99 /* main.m in Sources */,
			);
			runOnlyForDeploymentPostprocessing = 0;
		};
		8BE0D42A1DF9DCFE0032AB99 /* Sources */ = {
			isa = PBXSourcesBuildPhase;
			buildActionMask = 2147483647;
			files = (
				8BE0D4331DF9DCFE0032AB99 /* ViroExampleTests.m in Sources */,
			);
			runOnlyForDeploymentPostprocessing = 0;
		};
		8BE0D4351DF9DCFE0032AB99 /* Sources */ = {
			isa = PBXSourcesBuildPhase;
			buildActionMask = 2147483647;
			files = (
				8BE0D43E1DF9DCFE0032AB99 /* ViroExampleUITests.m in Sources */,
			);
			runOnlyForDeploymentPostprocessing = 0;
		};
/* End PBXSourcesBuildPhase section */

/* Begin PBXTargetDependency section */
		8BE0D4301DF9DCFE0032AB99 /* PBXTargetDependency */ = {
			isa = PBXTargetDependency;
			target = 8BE0D4141DF9DCFE0032AB99 /* ViroExample */;
			targetProxy = 8BE0D42F1DF9DCFE0032AB99 /* PBXContainerItemProxy */;
		};
		8BE0D43B1DF9DCFE0032AB99 /* PBXTargetDependency */ = {
			isa = PBXTargetDependency;
			target = 8BE0D4141DF9DCFE0032AB99 /* ViroExample */;
			targetProxy = 8BE0D43A1DF9DCFE0032AB99 /* PBXContainerItemProxy */;
		};
/* End PBXTargetDependency section */

/* Begin PBXVariantGroup section */
		8BE0D4261DF9DCFE0032AB99 /* LaunchScreen.storyboard */ = {
			isa = PBXVariantGroup;
			children = (
				8BE0D4271DF9DCFE0032AB99 /* Base */,
			);
			name = LaunchScreen.storyboard;
			sourceTree = "<group>";
		};
/* End PBXVariantGroup section */

/* Begin XCBuildConfiguration section */
		1331B79220C9A97300D1C5F5 /* Debug */ = {
			isa = XCBuildConfiguration;
			baseConfigurationReference = 46E1A4922C7A9F316A846B33 /* Pods-ViroExample_no_use_frameworks.debug.xcconfig */;
			buildSettings = {
				ASSETCATALOG_COMPILER_APPICON_NAME = AppIcon;
				CURRENT_PROJECT_VERSION = 13;
				DEVELOPMENT_TEAM = YOUR_TEAM_ID;
				ENABLE_BITCODE = NO;
				FRAMEWORK_SEARCH_PATHS = (
					"$(SRCROOT)/../../../ios/dist/ViroRenderer/**",
					"$(inherited)",
				);
				HEADER_SEARCH_PATHS = (
					"../../node_modules/react-native/React/**",
					"../../../ios/**",
				);
				INFOPLIST_FILE = ViroExample/Info.plist;
				LD_RUNPATH_SEARCH_PATHS = "$(inherited) @executable_path/Frameworks";
				OTHER_LDFLAGS = (
					"$(inherited)",
					"-ObjC",
					"-lc++",
				);
				PRODUCT_BUNDLE_IDENTIFIER = com.viro.ViroExample;
				PRODUCT_NAME = "$(TARGET_NAME)";
				SKIP_INSTALL = NO;
				TARGETED_DEVICE_FAMILY = "1,2";
				VERSIONING_SYSTEM = "apple-generic";
			};
			name = Debug;
		};
		1331B79320C9A97300D1C5F5 /* Release */ = {
			isa = XCBuildConfiguration;
			baseConfigurationReference = A12B834E3829DDDD1F3E9121 /* Pods-ViroExample_no_use_frameworks.release.xcconfig */;
			buildSettings = {
				ASSETCATALOG_COMPILER_APPICON_NAME = AppIcon;
				CURRENT_PROJECT_VERSION = 13;
				DEVELOPMENT_TEAM = YOUR_TEAM_ID;
				ENABLE_BITCODE = NO;
				FRAMEWORK_SEARCH_PATHS = (
					"$(SRCROOT)/../../../ios/dist/ViroRenderer/**",
					"$(inherited)",
				);
				HEADER_SEARCH_PATHS = (
					"../../node_modules/react-native/React/**",
					"../../../ios/**",
				);
				INFOPLIST_FILE = ViroExample/Info.plist;
				LD_RUNPATH_SEARCH_PATHS = "$(inherited) @executable_path/Frameworks";
				ONLY_ACTIVE_ARCH = YES;
				OTHER_LDFLAGS = (
					"$(inherited)",
					"-ObjC",
					"-lc++",
				);
				PRODUCT_BUNDLE_IDENTIFIER = com.viro.ViroExample;
				PRODUCT_NAME = "$(TARGET_NAME)";
				SKIP_INSTALL = NO;
				TARGETED_DEVICE_FAMILY = "1,2";
				VERSIONING_SYSTEM = "apple-generic";
			};
			name = Release;
		};
		13424D5E20B4269E00C690CC /* Debug */ = {
			isa = XCBuildConfiguration;
			baseConfigurationReference = CC87993EA4397CDC2842FBCC /* Pods-ViroExample_archive.debug.xcconfig */;
			buildSettings = {
				ASSETCATALOG_COMPILER_APPICON_NAME = AppIcon;
				CURRENT_PROJECT_VERSION = 13;
				DEVELOPMENT_TEAM = YOUR_TEAM_ID;
				ENABLE_BITCODE = NO;
				FRAMEWORK_SEARCH_PATHS = (
					"$(SRCROOT)/../../../ios/dist/ViroRenderer/**",
					"$(inherited)",
				);
				HEADER_SEARCH_PATHS = (
					"../../node_modules/react-native/React/**",
					"../../../ios/**",
				);
				INFOPLIST_FILE = ViroExample/Info.plist;
				LD_RUNPATH_SEARCH_PATHS = "$(inherited) @executable_path/Frameworks";
				OTHER_LDFLAGS = (
					"$(inherited)",
					"-ObjC",
					"-lc++",
				);
				PRODUCT_BUNDLE_IDENTIFIER = com.viro.ViroExample;
				PRODUCT_NAME = "$(TARGET_NAME)";
				SKIP_INSTALL = NO;
				TARGETED_DEVICE_FAMILY = "1,2";
				VERSIONING_SYSTEM = "apple-generic";
			};
			name = Debug;
		};
		13424D5F20B4269E00C690CC /* Release */ = {
			isa = XCBuildConfiguration;
			baseConfigurationReference = 777E6F62127F6D7E64915E0D /* Pods-ViroExample_archive.release.xcconfig */;
			buildSettings = {
				ASSETCATALOG_COMPILER_APPICON_NAME = AppIcon;
				CURRENT_PROJECT_VERSION = 13;
				DEVELOPMENT_TEAM = YOUR_TEAM_ID;
				ENABLE_BITCODE = NO;
				FRAMEWORK_SEARCH_PATHS = (
					"$(SRCROOT)/../../../ios/dist/ViroRenderer/**",
					"$(inherited)",
				);
				HEADER_SEARCH_PATHS = (
					"../../node_modules/react-native/React/**",
					"../../../ios/**",
				);
				INFOPLIST_FILE = ViroExample/Info.plist;
				LD_RUNPATH_SEARCH_PATHS = "$(inherited) @executable_path/Frameworks";
				ONLY_ACTIVE_ARCH = YES;
				OTHER_LDFLAGS = (
					"$(inherited)",
					"-ObjC",
					"-lc++",
				);
				PRODUCT_BUNDLE_IDENTIFIER = com.viro.ViroExample;
				PRODUCT_NAME = "$(TARGET_NAME)";
				SKIP_INSTALL = NO;
				TARGETED_DEVICE_FAMILY = "1,2";
				VERSIONING_SYSTEM = "apple-generic";
			};
			name = Release;
		};
		8BE0D4401DF9DCFE0032AB99 /* Debug */ = {
			isa = XCBuildConfiguration;
			buildSettings = {
				ALWAYS_SEARCH_USER_PATHS = NO;
				ARCHS = "$(ARCHS_STANDARD_64_BIT)";
				CLANG_ANALYZER_NONNULL = YES;
				CLANG_CXX_LANGUAGE_STANDARD = "gnu++0x";
				CLANG_CXX_LIBRARY = "libc++";
				CLANG_ENABLE_MODULES = YES;
				CLANG_ENABLE_OBJC_ARC = YES;
				CLANG_WARN_BOOL_CONVERSION = YES;
				CLANG_WARN_CONSTANT_CONVERSION = YES;
				CLANG_WARN_DIRECT_OBJC_ISA_USAGE = YES_ERROR;
				CLANG_WARN_EMPTY_BODY = YES;
				CLANG_WARN_ENUM_CONVERSION = YES;
				CLANG_WARN_INT_CONVERSION = YES;
				CLANG_WARN_OBJC_ROOT_CLASS = YES_ERROR;
				CLANG_WARN_UNREACHABLE_CODE = YES;
				CLANG_WARN__DUPLICATE_METHOD_MATCH = YES;
				"CODE_SIGN_IDENTITY[sdk=iphoneos*]" = "iPhone Developer";
				COPY_PHASE_STRIP = NO;
				DEBUG_INFORMATION_FORMAT = dwarf;
				ENABLE_STRICT_OBJC_MSGSEND = YES;
				ENABLE_TESTABILITY = YES;
				GCC_C_LANGUAGE_STANDARD = gnu99;
				GCC_DYNAMIC_NO_PIC = NO;
				GCC_NO_COMMON_BLOCKS = YES;
				GCC_OPTIMIZATION_LEVEL = 0;
				GCC_PREPROCESSOR_DEFINITIONS = (
					"DEBUG=1",
					"$(inherited)",
				);
				GCC_WARN_64_TO_32_BIT_CONVERSION = YES;
				GCC_WARN_ABOUT_RETURN_TYPE = YES_ERROR;
				GCC_WARN_UNDECLARED_SELECTOR = YES;
				GCC_WARN_UNINITIALIZED_AUTOS = YES_AGGRESSIVE;
				GCC_WARN_UNUSED_FUNCTION = YES;
				GCC_WARN_UNUSED_VARIABLE = YES;
				HEADER_SEARCH_PATHS = "";
				INSTALL_PATH = /Applications;
				IPHONEOS_DEPLOYMENT_TARGET = 9.3;
				MTL_ENABLE_DEBUG_INFO = YES;
				ONLY_ACTIVE_ARCH = YES;
				SDKROOT = iphoneos;
			};
			name = Debug;
		};
		8BE0D4411DF9DCFE0032AB99 /* Release */ = {
			isa = XCBuildConfiguration;
			buildSettings = {
				ALWAYS_SEARCH_USER_PATHS = NO;
				ARCHS = "$(ARCHS_STANDARD_64_BIT)";
				CLANG_ANALYZER_NONNULL = YES;
				CLANG_CXX_LANGUAGE_STANDARD = "gnu++0x";
				CLANG_CXX_LIBRARY = "libc++";
				CLANG_ENABLE_MODULES = YES;
				CLANG_ENABLE_OBJC_ARC = YES;
				CLANG_WARN_BOOL_CONVERSION = YES;
				CLANG_WARN_CONSTANT_CONVERSION = YES;
				CLANG_WARN_DIRECT_OBJC_ISA_USAGE = YES_ERROR;
				CLANG_WARN_EMPTY_BODY = YES;
				CLANG_WARN_ENUM_CONVERSION = YES;
				CLANG_WARN_INT_CONVERSION = YES;
				CLANG_WARN_OBJC_ROOT_CLASS = YES_ERROR;
				CLANG_WARN_UNREACHABLE_CODE = YES;
				CLANG_WARN__DUPLICATE_METHOD_MATCH = YES;
				"CODE_SIGN_IDENTITY[sdk=iphoneos*]" = "iPhone Developer";
				COPY_PHASE_STRIP = NO;
				DEBUG_INFORMATION_FORMAT = "dwarf-with-dsym";
				ENABLE_NS_ASSERTIONS = NO;
				ENABLE_STRICT_OBJC_MSGSEND = YES;
				GCC_C_LANGUAGE_STANDARD = gnu99;
				GCC_NO_COMMON_BLOCKS = YES;
				GCC_WARN_64_TO_32_BIT_CONVERSION = YES;
				GCC_WARN_ABOUT_RETURN_TYPE = YES_ERROR;
				GCC_WARN_UNDECLARED_SELECTOR = YES;
				GCC_WARN_UNINITIALIZED_AUTOS = YES_AGGRESSIVE;
				GCC_WARN_UNUSED_FUNCTION = YES;
				GCC_WARN_UNUSED_VARIABLE = YES;
				HEADER_SEARCH_PATHS = "";
				INSTALL_PATH = /Applications;
				IPHONEOS_DEPLOYMENT_TARGET = 9.3;
				MTL_ENABLE_DEBUG_INFO = NO;
				SDKROOT = iphoneos;
				VALIDATE_PRODUCT = YES;
			};
			name = Release;
		};
		8BE0D4431DF9DCFE0032AB99 /* Debug */ = {
			isa = XCBuildConfiguration;
			baseConfigurationReference = C64966CDCFCB64FCDFE6B2CF /* Pods-ViroExample.debug.xcconfig */;
			buildSettings = {
				ASSETCATALOG_COMPILER_APPICON_NAME = AppIcon;
				CURRENT_PROJECT_VERSION = 13;
				DEVELOPMENT_TEAM = YOUR_TEAM_ID;
				ENABLE_BITCODE = NO;
				FRAMEWORK_SEARCH_PATHS = (
					"$(SRCROOT)/../../../ios/dist/ViroRenderer/**",
					"$(inherited)",
				);
				HEADER_SEARCH_PATHS = (
					"../../node_modules/react-native/React/**",
					"../../../ios/**",
				);
				INFOPLIST_FILE = ViroExample/Info.plist;
				LD_RUNPATH_SEARCH_PATHS = "$(inherited) @executable_path/Frameworks";
				OTHER_LDFLAGS = (
					"$(inherited)",
					"-ObjC",
					"-lc++",
				);
				PRODUCT_BUNDLE_IDENTIFIER = com.viro.ViroExample;
				PRODUCT_NAME = "$(TARGET_NAME)";
				SKIP_INSTALL = NO;
				TARGETED_DEVICE_FAMILY = "1,2";
				VERSIONING_SYSTEM = "apple-generic";
			};
			name = Debug;
		};
		8BE0D4441DF9DCFE0032AB99 /* Release */ = {
			isa = XCBuildConfiguration;
			baseConfigurationReference = 95BCD34C047577C6CABBCE9E /* Pods-ViroExample.release.xcconfig */;
			buildSettings = {
				ASSETCATALOG_COMPILER_APPICON_NAME = AppIcon;
				CURRENT_PROJECT_VERSION = 13;
				DEVELOPMENT_TEAM = YOUR_TEAM_ID;
				ENABLE_BITCODE = NO;
				FRAMEWORK_SEARCH_PATHS = (
					"$(SRCROOT)/../../../ios/dist/ViroRenderer/**",
					"$(inherited)",
				);
				HEADER_SEARCH_PATHS = (
					"../../node_modules/react-native/React/**",
					"../../../ios/**",
				);
				INFOPLIST_FILE = ViroExample/Info.plist;
				LD_RUNPATH_SEARCH_PATHS = "$(inherited) @executable_path/Frameworks";
				ONLY_ACTIVE_ARCH = YES;
				OTHER_LDFLAGS = (
					"$(inherited)",
					"-ObjC",
					"-lc++",
				);
				PRODUCT_BUNDLE_IDENTIFIER = com.viro.ViroExample;
				PRODUCT_NAME = "$(TARGET_NAME)";
				SKIP_INSTALL = NO;
				TARGETED_DEVICE_FAMILY = "1,2";
				VERSIONING_SYSTEM = "apple-generic";
			};
			name = Release;
		};
		8BE0D4461DF9DCFE0032AB99 /* Debug */ = {
			isa = XCBuildConfiguration;
			buildSettings = {
				BUNDLE_LOADER = "$(TEST_HOST)";
				INFOPLIST_FILE = ViroExampleTests/Info.plist;
				LD_RUNPATH_SEARCH_PATHS = "$(inherited) @executable_path/Frameworks @loader_path/Frameworks";
				PRODUCT_BUNDLE_IDENTIFIER = viro.ViroExampleTests;
				PRODUCT_NAME = "$(TARGET_NAME)";
				TEST_HOST = "$(BUILT_PRODUCTS_DIR)/ViroExample.app/ViroExample";
			};
			name = Debug;
		};
		8BE0D4471DF9DCFE0032AB99 /* Release */ = {
			isa = XCBuildConfiguration;
			buildSettings = {
				BUNDLE_LOADER = "$(TEST_HOST)";
				INFOPLIST_FILE = ViroExampleTests/Info.plist;
				LD_RUNPATH_SEARCH_PATHS = "$(inherited) @executable_path/Frameworks @loader_path/Frameworks";
				PRODUCT_BUNDLE_IDENTIFIER = viro.ViroExampleTests;
				PRODUCT_NAME = "$(TARGET_NAME)";
				TEST_HOST = "$(BUILT_PRODUCTS_DIR)/ViroExample.app/ViroExample";
			};
			name = Release;
		};
		8BE0D4491DF9DCFE0032AB99 /* Debug */ = {
			isa = XCBuildConfiguration;
			buildSettings = {
				DEVELOPMENT_TEAM = YOUR_TEAM_ID;
				INFOPLIST_FILE = ViroExampleUITests/Info.plist;
				LD_RUNPATH_SEARCH_PATHS = "$(inherited) @executable_path/Frameworks @loader_path/Frameworks";
				PRODUCT_BUNDLE_IDENTIFIER = viro.ViroExampleUITests;
				PRODUCT_NAME = "$(TARGET_NAME)";
				TEST_TARGET_NAME = ViroExample;
			};
			name = Debug;
		};
		8BE0D44A1DF9DCFE0032AB99 /* Release */ = {
			isa = XCBuildConfiguration;
			buildSettings = {
				DEVELOPMENT_TEAM = YOUR_TEAM_ID;
				INFOPLIST_FILE = ViroExampleUITests/Info.plist;
				LD_RUNPATH_SEARCH_PATHS = "$(inherited) @executable_path/Frameworks @loader_path/Frameworks";
				PRODUCT_BUNDLE_IDENTIFIER = viro.ViroExampleUITests;
				PRODUCT_NAME = "$(TARGET_NAME)";
				TEST_TARGET_NAME = ViroExample;
			};
			name = Release;
		};
/* End XCBuildConfiguration section */

/* Begin XCConfigurationList section */
		1331B79120C9A97300D1C5F5 /* Build configuration list for PBXNativeTarget "ViroExample_no_use_frameworks" */ = {
			isa = XCConfigurationList;
			buildConfigurations = (
				1331B79220C9A97300D1C5F5 /* Debug */,
				1331B79320C9A97300D1C5F5 /* Release */,
			);
			defaultConfigurationIsVisible = 0;
			defaultConfigurationName = Release;
		};
		13424D5D20B4269E00C690CC /* Build configuration list for PBXNativeTarget "ViroExample_archive" */ = {
			isa = XCConfigurationList;
			buildConfigurations = (
				13424D5E20B4269E00C690CC /* Debug */,
				13424D5F20B4269E00C690CC /* Release */,
			);
			defaultConfigurationIsVisible = 0;
			defaultConfigurationName = Release;
		};
		8BE0D4101DF9DCFE0032AB99 /* Build configuration list for PBXProject "ViroExample" */ = {
			isa = XCConfigurationList;
			buildConfigurations = (
				8BE0D4401DF9DCFE0032AB99 /* Debug */,
				8BE0D4411DF9DCFE0032AB99 /* Release */,
			);
			defaultConfigurationIsVisible = 0;
			defaultConfigurationName = Release;
		};
		8BE0D4421DF9DCFE0032AB99 /* Build configuration list for PBXNativeTarget "ViroExample" */ = {
			isa = XCConfigurationList;
			buildConfigurations = (
				8BE0D4431DF9DCFE0032AB99 /* Debug */,
				8BE0D4441DF9DCFE0032AB99 /* Release */,
			);
			defaultConfigurationIsVisible = 0;
			defaultConfigurationName = Release;
		};
		8BE0D4451DF9DCFE0032AB99 /* Build configuration list for PBXNativeTarget "ViroExampleTests" */ = {
			isa = XCConfigurationList;
			buildConfigurations = (
				8BE0D4461DF9DCFE0032AB99 /* Debug */,
				8BE0D4471DF9DCFE0032AB99 /* Release */,
			);
			defaultConfigurationIsVisible = 0;
			defaultConfigurationName = Release;
		};
		8BE0D4481DF9DCFE0032AB99 /* Build configuration list for PBXNativeTarget "ViroExampleUITests" */ = {
			isa = XCConfigurationList;
			buildConfigurations = (
				8BE0D4491DF9DCFE0032AB99 /* Debug */,
				8BE0D44A1DF9DCFE0032AB99 /* Release */,
			);
			defaultConfigurationIsVisible = 0;
			defaultConfigurationName = Release;
		};
/* End XCConfigurationList section */
	};
	rootObject = 8BE0D40D1DF9DCFE0032AB99 /* Project object */;
}
