PODS:
  - GVRSDK (1.0.0)
  - OpenCV (3.2.0):
    - OpenCV/Dynamic (= 3.2.0)
  - OpenCV/Dynamic (3.2.0)

DEPENDENCIES:
  - GVRSDK (= 1.0.0)
  - OpenCV (= 3.2.0)

SPEC CHECKSUMS:
  GVRSDK: 628f22b46ee93c96b1fc0f799a88e0755038533d
  OpenCV: 0f7ab403d1e81769bc6f4f524c3c6928ecb1fdb8

PODFILE CHECKSUM: 4f8b2469055340c3e32cc954d64d67f9b83de430

COCOAPODS: 1.2.0
